{
  "nodes": {
    "nixpkgs": {
      "locked": {
        "lastModified": 1642707142,
        "narHash": "sha256-BzH6xhnkn52yF4+A8C8slWFQRMInS5VYlzrH/rN1bnA=",
        "owner": "NixOS",
        "repo": "nixpkgs",
        "rev": "6f07605b6916abee5435ea1145a7541299a87c1b",
        "type": "github"
      },
      "original": {
        "owner": "NixOS",
        "ref": "nixos-21.11",
        "repo": "nixpkgs",
        "type": "github"
      }
    },
    "root": {
      "inputs": {
        "nixpkgs": "nixpkgs"
      }
    }
  },
  "root": "root",
  "version": 7
}
