cloud.google.com/go v0.26.0/go.mod h1:aQUYkXzVsufM+DwF1aE+0xfcU+56JwCaLick0ClmMTw=
github.com/CentrifugeInc/centrifuge-protobufs v0.0.0-20180904115212-0360114f2182 h1:rX1TOxRn7ef+rhuLUxTnmI8Ub2wiJ6RkYuGkVeoIFdQ=
github.com/CentrifugeInc/centrifuge-protobufs v0.0.0-20180904115212-0360114f2182/go.mod h1:mHkuR11w0dVYkmFm5mlKW5VOLFrD3JJYT8lhZQpjyh0=
github.com/Masterminds/semver v1.4.2 h1:WBLTQ37jOCzSLtXNdoo8bNM8876KhNqOKvrlGITgsTc=
github.com/Masterminds/semver v1.4.2/go.mod h1:MB6lktGJrhw8PrUyiEoblNEGEQ+RzHPF078ddwwvV3Y=
github.com/agl/ed25519 v0.0.0-20170116200512-5312a6153412 h1:w1UutsfOrms1J05zt7ISrnJIXKzwaspym5BTKGx93EI=
github.com/agl/ed25519 v0.0.0-20170116200512-5312a6153412/go.mod h1:WPjqKcmVOxf0XSf3YxCJs6N6AOSrOx3obionmG7T0y0=
github.com/aristanetworks/goarista v0.0.0-20180907105523-ff33da284e76 h1:64W/KrGykPTfDI9xTkZtnjZRYA5p2+c/IuGgjzeWCpI=
github.com/aristanetworks/goarista v0.0.0-20180907105523-ff33da284e76/go.mod h1:D/tb0zPVXnP7fmsLZjtdUhSsumbK/ij54UXjjVgMGxQ=
github.com/btcsuite/btcd v0.0.0-20180903232927-cff30e1d23fc h1:nLRj+ULuRYb0qTAOnuayFXRnLjYXBots5CSp5zH4RqU=
github.com/btcsuite/btcd v0.0.0-20180903232927-cff30e1d23fc/go.mod h1:Dmm/EzmjnCiweXmzRIAiUWCInVmPgjkzgv5k4tVyXiQ=
github.com/centrifuge/gocelery v0.0.0-20180827133206-840d02135ac4 h1:UXXPo7X7mp6m0hrHkjJZpXrOzz0KeVJwjHvRanHUHr4=
github.com/centrifuge/gocelery v0.0.0-20180827133206-840d02135ac4/go.mod h1:E2/jVRSyEJOdIqQCBMBHWC3pzIwWKbcZfTds1gBCINA=
github.com/centrifuge/precise-proofs v0.0.0-20180904114007-c673e56ee0de h1:iiXf/BHMN2gi7ZcVq2m3EmsFOLBRhdXwx80gTWJUGO8=
github.com/centrifuge/precise-proofs v0.0.0-20180904114007-c673e56ee0de/go.mod h1:hMomn/SpSb4LnSVFGwCFZIppa8wsOj71YnTh/OEPtHs=
github.com/client9/misspell v0.3.4/go.mod h1:qj6jICC3Q7zFZvVWo7KLAzC3yx5G7kyvSDkc90ppPyw=
github.com/coreos/go-semver v0.2.0 h1:3Jm3tLmsgAYcjC+4Up7hJrFBPr+n7rAqYeSw/SZazuY=
github.com/coreos/go-semver v0.2.0/go.mod h1:nnelYz7RCh+5ahJtPPxZlU+153eP4D4r3EedlOD2RNk=
github.com/davecgh/go-spew v1.1.1 h1:vj9j/u1bqnvCEfJOwUhtlOARqs3+rkHYY13jYWTU97c=
github.com/davecgh/go-spew v1.1.1/go.mod h1:J7Y8YcW2NihsgmVo/mv3lAwl/skON4iLHjSsI+c5H38=
github.com/deckarep/golang-set v0.0.0-20180831180637-cbaa98ba5575 h1:TPNOHTd9pCmNXuJ338mTTE41SBtii7aff8A5x4BzmZk=
github.com/deckarep/golang-set v0.0.0-20180831180637-cbaa98ba5575/go.mod h1:93vsz/8Wt4joVM7c2AVqh+YRMiUSc14yDtF28KmMOgQ=
github.com/ethereum/go-ethereum v1.8.15 h1:95jix4Qx65CpTBLjzrh8Jb8UR/3TaolQE82qFQZCJJY=
github.com/ethereum/go-ethereum v1.8.15/go.mod h1:PwpWDrCLZrV+tfrhqqF6kPknbISMHaJv9Ln3kPCZLwY=
github.com/fd/go-nat v1.0.0 h1:DPyQ97sxA9ThrWYRPcWUz/z9TnpTIGRYODIQc/dy64M=
github.com/fd/go-nat v1.0.0/go.mod h1:BTBu/CKvMmOMUPkKVef1pngt2WFH/lg7E6yQnulfp6E=
github.com/fsnotify/fsnotify v1.4.7 h1:IXs+QLmnXW2CcXuY+8Mzv/fWEsPGWxqefPtCP5CnV9I=
github.com/fsnotify/fsnotify v1.4.7/go.mod h1:jwhsz4b93w/PPRr/qN1Yymfu8t87LnFCMoQvtojpjFo=
github.com/go-errors/errors v1.0.1 h1:LUHzmkK3GUKUrL/1gfBUxAHzcev3apQlezX/+O7ma6w=
github.com/go-errors/errors v1.0.1/go.mod h1:f4zRHt4oKfwPJE5k8C9vpYG+aDHdBFUsgrm6/TyX73Q=
github.com/go-stack/stack v1.8.0 h1:5SgMzNM5HxrEjV0ww2lTmX6E2Izsfxas4+YHWRs3Lsk=
github.com/go-stack/stack v1.8.0/go.mod h1:v0f6uXyyMGvRgIKkXu+yp6POWl0qKG85gN/melR3HDY=
github.com/gogo/protobuf v1.1.1 h1:72R+M5VuhED/KujmZVcIquuo8mBgX4oVda//DQb3PXo=
github.com/gogo/protobuf v1.1.1/go.mod h1:r8qH/GZQm5c6nD/R0oafs1akxWv10x8SbQlK7atdtwQ=
github.com/golang/glog v0.0.0-20160126235308-23def4e6c14b/go.mod h1:SBH7ygxi8pfUlaOkMMuAQtPIUF8ecWP5IEl/CR7VP2Q=
github.com/golang/lint v0.0.0-20180702182130-06c8688daad7/go.mod h1:tluoj9z5200jBnyusfRPU2LqT6J+DAorxEvtC7LHB+E=
github.com/golang/mock v1.1.1/go.mod h1:oTYuIxOrZwtPieC+H1uAHpcLFnEyAGVDL/k47Jfbm0A=
github.com/golang/protobuf v1.2.0 h1:P3YflyNX/ehuJFLhxviNdFxQPkGK5cDcApsge1SqnvM=
github.com/golang/protobuf v1.2.0/go.mod h1:6lQm79b+lXiMfvg/cZm0SGofjICqVBUtrP5yJMmIC1U=
github.com/golang/snappy v0.0.0-20180518054509-2e65f85255db h1:woRePGFeVFfLKN/pOkfl+p/TAqKOfFu+7KPlMVpok/w=
github.com/golang/snappy v0.0.0-20180518054509-2e65f85255db/go.mod h1:/XxbfmMg8lxefKM7IXC3fBNl/7bRcc72aCRzEWrmP2Q=
github.com/gomodule/redigo v2.0.0+incompatible h1:K/R+8tc58AaqLkqG2Ol3Qk+DR/TlNuhuh457pBFPtt0=
github.com/gomodule/redigo v2.0.0+incompatible/go.mod h1:B4C85qUVwatsJoIUNIfCRsp7qO0iAmpGFZ4EELWSbC4=
github.com/google/uuid v1.0.0 h1:b4Gk+7WdP/d3HZH8EJsZpvV7EtDOgaZLtnaNGIu1adA=
github.com/google/uuid v1.0.0/go.mod h1:TIyPZe4MgqvfeYDBFedMoGGpEw/LqOeaOT+nhxU+yHo=
github.com/gorilla/websocket v1.4.0 h1:WDFjx/TMzVgy9VdMMQi2K2Emtwi2QcUQsztZ/zLaH/Q=
github.com/gorilla/websocket v1.4.0/go.mod h1:E7qHFY5m1UJ88s3WnNqhKjPHQ0heANvMoAMk2YaljkQ=
github.com/grpc-ecosystem/grpc-gateway v1.5.0 h1:WcmKMm43DR7RdtlkEXQJyo5ws8iTp98CyhCCbOHMvNI=
github.com/grpc-ecosystem/grpc-gateway v1.5.0/go.mod h1:RSKVYQBd5MCa4OVpNdGskqpgL2+G+NZTnrVHpWWfpdw=
github.com/gxed/GoEndian v0.0.0-20160916112711-0f5c6873267e h1:eIhARPSF2zPr1hKxiL81XWQ392f5stEEcs38UzZVSWo=
github.com/gxed/GoEndian v0.0.0-20160916112711-0f5c6873267e/go.mod h1:vckkIQ0K+GGne8aC4LseYg586YwBQhOxXMXGAmKsCdY=
github.com/gxed/eventfd v0.0.0-20160916113412-80a92cca79a8 h1:N97hyGE4Q7bfXLQHvCtVvhLA9ofDkh5nzFcaB+1kLic=
github.com/gxed/eventfd v0.0.0-20160916113412-80a92cca79a8/go.mod h1:UNZeDpt9TUOMKVo89Fm0D2Ql3htmIN8BzxIcQcmogzs=
github.com/gxed/hashland v0.0.0-20180221191214-d9f6b97f8db2 h1:neM/RzmgBKxsJ3ioEZnIQmgQQq/sn6xDqYOEYnH3RYM=
github.com/gxed/hashland v0.0.0-20180221191214-d9f6b97f8db2/go.mod h1:YUhWml1NaWLTNBl4NPptkB8MadfaIhgq+a2TRc+Mw4Q=
github.com/hashicorp/golang-lru v0.5.0 h1:CL2msUPvZTLb5O648aiLNJw3hnBxN2+1Jq8rCOH9wdo=
github.com/hashicorp/golang-lru v0.5.0/go.mod h1:/m3WP610KZHVQ1SGc6re/UDhFvYD7pJ4Ao+sR/qLZy8=
github.com/hashicorp/hcl v1.0.0 h1:0Anlzjpi4vEasTeNFn2mLJgTSwt0+6sfsiTG8qcWGx4=
github.com/hashicorp/hcl v1.0.0/go.mod h1:E5yfLk+7swimpb2L/Alb/PJmXilQ/rhwaUYs4T20WEQ=
github.com/huin/goupnp v0.0.0-20180415215157-1395d1447324 h1:PV190X5/DzQ/tbFFG5YpT5mH6q+cHlfgqI5JuRnH9oE=
github.com/huin/goupnp v0.0.0-20180415215157-1395d1447324/go.mod h1:MZ2ZmwcBpvOoJ22IJsc7va19ZwoheaBk43rKg12SKag=
github.com/iancoleman/strcase v0.0.0-20180726023541-3605ed457bf7 h1:ux/56T2xqZO/3cP1I2F86qpeoYPCOzk+KF/UH/Ar+lk=
github.com/iancoleman/strcase v0.0.0-20180726023541-3605ed457bf7/go.mod h1:SK73tn/9oHe+/Y0h39VT4UCxmurVJkR5NA7kMEAOgSE=
github.com/inconshreveable/mousetrap v1.0.0 h1:Z8tu5sraLXCXIcARxBp/8cbvlwVa7Z1NHg9XEKhtSvM=
github.com/inconshreveable/mousetrap v1.0.0/go.mod h1:PxqpIevigyE2G7u3NXJIT2ANytuPF1OarO4DADm73n8=
github.com/ipfs/go-cid v0.7.21 h1:rseIraQ1ofdT+zJl1/HgU+5rkD83KA7FaqaHY/Xnmcc=
github.com/ipfs/go-cid v0.7.21/go.mod h1:DEZAg7ik3SR8PY77P+hNaWtHtBirqeEgHbfmePL8WJA=
github.com/ipfs/go-datastore v2.4.1-0.20180815173225-bd0caea1845f+incompatible h1:G81i5suwBXmDUu20BCUcpFSM2HZlHFQsqiwqAoSdg3U=
github.com/ipfs/go-datastore v2.4.1-0.20180815173225-bd0caea1845f+incompatible/go.mod h1:bYmHO9fuKO1Ca7dpdDBWQl0mndy5b0HFqSJjGlNYtzs=
github.com/ipfs/go-datastore v2.4.1+incompatible h1:gLbbrni0nvrTVBwneCo6UN3C3I2GZKDjEdZStlKG/XA=
github.com/ipfs/go-datastore v2.4.1+incompatible/go.mod h1:bYmHO9fuKO1Ca7dpdDBWQl0mndy5b0HFqSJjGlNYtzs=
github.com/ipfs/go-ipfs-addr v0.1.22 h1:SPwm/N40EXMlpu16jKrSX7jNGbNJW1S0aZfH0q++dHE=
github.com/ipfs/go-ipfs-addr v0.1.22/go.mod h1:Gu5hZ8kxPyIDoXv8edvNpIYSkRciSp7QbLUFGNxd/sQ=
github.com/ipfs/go-ipfs-util v1.2.8 h1:iZ+OcHCaN2BaHU0pe9JDGVySHUUmfwqHA2pd7XxMh7A=
github.com/ipfs/go-ipfs-util v1.2.8/go.mod h1:bmXd4M1Sn0MFKptfxu9KuWvtHySyFMzkSd2rcT8Hw80=
github.com/ipfs/go-log v1.5.3 h1:sZHI8SmguogIAJ10boCjbzumn1hloQF0YM1c0nypQFA=
github.com/ipfs/go-log v1.5.3/go.mod h1:AKYS9u+ECLT8t30brTaoVwu3f1FpGx6C0352oI1zQ0Q=
github.com/ipfs/go-todocounter v1.0.1 h1:YExLZ2JceUGDc0of36cNGgl0fqHvPHVpgpxHsQ2tYrg=
github.com/ipfs/go-todocounter v1.0.1/go.mod h1:l5aErvQc8qKE2r7NDMjmq5UNAvuZy0rC8BHOplkWvZ4=
github.com/jackpal/gateway v1.0.4 h1:LS5EHkLuQ6jzaHwULi0vL+JO0mU/n4yUtK8oUjHHOlM=
github.com/jackpal/gateway v1.0.4/go.mod h1:lTpwd4ACLXmpyiCTRtfiNyVnUmqT9RivzCDQetPfnjA=
github.com/jackpal/go-nat-pmp v1.0.1 h1:i0LektDkO1QlrTm/cSuP+PyBCDnYvjPLGl4LdWEMiaA=
github.com/jackpal/go-nat-pmp v1.0.1/go.mod h1:QPH045xvCAeXUZOxsnwmrtiCoxIr9eob+4orBN1SBKc=
github.com/jbenet/go-context v0.0.0-20150711004518-d14ea06fba99 h1:BQSFePA1RWJOlocH6Fxy8MmwDt+yVQYULKfN0RoTN8A=
github.com/jbenet/go-context v0.0.0-20150711004518-d14ea06fba99/go.mod h1:1lJo3i6rXxKeerYnT8Nvf0QmHCRC1n8sfWVwXF2Frvo=
github.com/jbenet/go-temp-err-catcher v0.0.0-20150120210811-aac704a3f4f2 h1:vhC1OXXiT9R2pczegwz6moDvuRpggaroAXhPIseh57A=
github.com/jbenet/go-temp-err-catcher v0.0.0-20150120210811-aac704a3f4f2/go.mod h1:8GXXJV31xl8whumTzdZsTt3RnUIiPqzkyf7mxToRCMs=
github.com/jbenet/goprocess v0.0.0-20160826012719-b497e2f366b8 h1:bspPhN+oKYFk5fcGNuQzp6IGzYQSenLEgH3s6jkXrWw=
github.com/jbenet/goprocess v0.0.0-20160826012719-b497e2f366b8/go.mod h1:Ly/wlsjFq/qrU3Rar62tu1gASgGw6chQbSh/XgIIXCY=
github.com/kisielk/gotool v1.0.0/go.mod h1:XhKaO+MFFWcvkIS/tQcRk01m1F5IRFswLeQ+oQHNcck=
github.com/libp2p/go-addr-util v2.0.5+incompatible h1:eT26hhTN89IlOi+HnvVpwxy9WBtyQubX2bV6zmkh4Bk=
github.com/libp2p/go-addr-util v2.0.5+incompatible/go.mod h1:doh2auL/Rkfq1xHxDrWJGHZ8yDojPerOZoPu9XVwRB8=
github.com/libp2p/go-conn-security v0.1.9 h1:yHFdQhvYz5kpg44h1U2lRiaRuNX/IOuBwmb4dWKKZKE=
github.com/libp2p/go-conn-security v0.1.9/go.mod h1:lIqm8x2wrAxlG+6CzJ3z4Nk5/F73zdjkS6RKbHSbaJ4=
github.com/libp2p/go-conn-security-multistream v0.1.9 h1:KvYk3iphwOPopJMJBpDr8u8jk2yltNLo+g8VWFAKxPc=
github.com/libp2p/go-conn-security-multistream v0.1.9/go.mod h1:hBY3HYjGnK86P3pX3wgr9IAfe3A/vZB830LJAMi1g88=
github.com/libp2p/go-flow-metrics v0.2.0 h1:GAJSg/g+xLuc7vz0RN96pRA9q/n5b5+Hs6SndagmOR4=
github.com/libp2p/go-flow-metrics v0.2.0/go.mod h1:Iv1GH0sG8DtYN3SVJ2eG221wMiNpZxBdp967ls1g+k8=
github.com/libp2p/go-libp2p v6.0.11+incompatible h1:69wTLCDqY7rHWPm8trx03O2RL/EqYlsUJSD++NBNP6I=
github.com/libp2p/go-libp2p v6.0.11+incompatible/go.mod h1:CyUlFa6Mw04PkmMg8gBIlHUl8j3TrEiA6oFiF4SgD8w=
github.com/libp2p/go-libp2p-circuit v2.2.1+incompatible h1:eDEXehObbzUIINPfRp/gtOZBGYLsD3CHQvkIsr2/9ko=
github.com/libp2p/go-libp2p-circuit v2.2.1+incompatible/go.mod h1:DH3RV0Tb4cHZAdSsdNOitADXTqRiFZxJmSk7mMcCFN4=
github.com/libp2p/go-libp2p-crypto v2.0.1+incompatible h1:JAnZYupeAsZI5UqX50N9MWAVNO5HIfkow249YcmuvVs=
github.com/libp2p/go-libp2p-crypto v2.0.1+incompatible/go.mod h1:WHpT3tvhh7GM2INNJhQBuI6J+5z/o3QI0lTF5UVjppk=
github.com/libp2p/go-libp2p-host v3.0.9+incompatible h1:ZiDfQk4WiT2x0sJB8gAd9RcmG43+05X5t5o8e0np1oU=
github.com/libp2p/go-libp2p-host v3.0.9+incompatible/go.mod h1:iAthoepYpyqzb89f4RmqzF9+ebsWPFBTvSedSlcWupg=
github.com/libp2p/go-libp2p-interface-connmgr v0.0.15 h1:IybxSkzDxucAnvblcWH20Rt85qZhZ8qo46gId6SJevo=
github.com/libp2p/go-libp2p-interface-connmgr v0.0.15/go.mod h1:2LbTwxMveREcmkOWo/s6MM7xDvSZbW8J8kYDF4Mj648=
github.com/libp2p/go-libp2p-interface-pnet v3.0.0+incompatible h1:MNYpwR4opxOJGkDdlV4Vypd7aM6mlt76fad4m4KLk4k=
github.com/libp2p/go-libp2p-interface-pnet v3.0.0+incompatible/go.mod h1:el9jHpQAXK5dnTpKA4yfCNBZXvrzdOU75zz+C6ryp3k=
github.com/libp2p/go-libp2p-kad-dht v4.3.9+incompatible h1:7FjSREHwXSA+tRmaOgZmmLxF5bfMZzwvlzzfnLjpMbI=
github.com/libp2p/go-libp2p-kad-dht v4.3.9+incompatible/go.mod h1:o7SLAgKvO96vfE0SrzjJfAdCbJjKRfRnbtyUIQg+rqg=
github.com/libp2p/go-libp2p-kbucket v2.2.7+incompatible h1:AV0XTcHqpj3EO4Ql7gc7mTOCNzZFlRm55z9mHgaXpEw=
github.com/libp2p/go-libp2p-kbucket v2.2.7+incompatible/go.mod h1:MTtm31eal94QTxVOWYTDZ6G1YOJRN2G3ESQHbaPytLk=
github.com/libp2p/go-libp2p-loggables v1.1.21 h1:7hFFgwhnnsjcQqhI6jHSJHpJYdg/lnGALlItvDNGP4M=
github.com/libp2p/go-libp2p-loggables v1.1.21/go.mod h1:jcP5HmpEBcQ2w5u9xhLkCv73GBPKz3weC/s6ZWhXn+k=
github.com/libp2p/go-libp2p-metrics v2.1.5+incompatible h1:FuL7gE2ZKKHcY2rI56AMiXXhuyE6C/vVNSOTIrGkGGU=
github.com/libp2p/go-libp2p-metrics v2.1.5+incompatible/go.mod h1:ko4lRyuvbgwwxD2TJvt2RHONahjJlkn6l7L/iEbJBf0=
github.com/libp2p/go-libp2p-nat v0.8.6 h1:JaGoVFrnDsUUWXYQ+yAdnj8q89D6zTr/WBEOTX0qiKc=
github.com/libp2p/go-libp2p-nat v0.8.6/go.mod h1:cA6+rN+EcOAzmSL3vQ53VxX/FfOL1WGeJUvZgqjm2eQ=
github.com/libp2p/go-libp2p-net v3.0.9+incompatible h1:Txy3Vx9iI67r9HG9fsYjvtADWA9X1J+rasvNJN8vFi4=
github.com/libp2p/go-libp2p-net v3.0.9+incompatible/go.mod h1:8W6Wx3AZbTRTe8zSMLoAmT3mGyau+w6kGIRk+Z+MZ7Q=
github.com/libp2p/go-libp2p-peer v2.3.7+incompatible h1:AhkW2YVjTfC8u7lnQqT/jZdTt3p2eyShY0dyF6Jyepc=
github.com/libp2p/go-libp2p-peer v2.3.7+incompatible/go.mod h1:fS2eFKRO1IomwBAf+SuE8P1XOT/AAiqSgVPNIFA7Jc0=
github.com/libp2p/go-libp2p-peerstore v1.5.0 h1:U0fjKDHBMr1GulCmgq3VakI+HaKXaVsiXCBv6wPBi0w=
github.com/libp2p/go-libp2p-peerstore v1.5.0/go.mod h1:lLfgn0N3z2t+ER57a88K7NTZjMO27ez5TyWSURd428E=
github.com/libp2p/go-libp2p-protocol v1.0.0 h1:6AnF76m2VjjiaDisOahQnWSnX2WWaISOXC7q9/YJIrM=
github.com/libp2p/go-libp2p-protocol v1.0.0/go.mod h1:Af9n4PiruirSDjHycM1QuiMi/1VZNHYcK8cLgFJLZ4s=
github.com/libp2p/go-libp2p-record v4.1.6+incompatible h1:mX5us/Ps7SVXeLTYOaDy16OLSsCmyFLUm9/rcK3aGD4=
github.com/libp2p/go-libp2p-record v4.1.6+incompatible/go.mod h1:fsxr7H89UzzL4pG23Aq2n/5aNAXxdGEbyBVepo8oXy8=
github.com/libp2p/go-libp2p-routing v2.4.10+incompatible h1:Eg4DgjXp0EGIsjUNSdMImQbCVsJCpTqQXT4ICR63zAM=
github.com/libp2p/go-libp2p-routing v2.4.10+incompatible/go.mod h1:Alff8O712wWiftX462zvknNmi5RmXtLq/gATcxJ/Hq8=
github.com/libp2p/go-libp2p-secio v2.0.9+incompatible h1:ievGfJqEJdXglsJuRRukBx9qMZhff6PaIrf9ezvqmS4=
github.com/libp2p/go-libp2p-secio v2.0.9+incompatible/go.mod h1:U7wBlYK2sZbUiTaGe6xJd/fyNq40gwn+jBk/iEUbUrA=
github.com/libp2p/go-libp2p-swarm v3.0.11+incompatible h1:JYLcz3CQF8FzD/wJieewnTTpBWCHWjq+SVIpYZKx1X0=
github.com/libp2p/go-libp2p-swarm v3.0.11+incompatible/go.mod h1:NHa7cA4/y8OKFw3BHQjLL9pwPDFXkgECO/k+2gqSFuk=
github.com/libp2p/go-libp2p-transport v3.0.9+incompatible h1:uxmPvD2rfbYH9jwTJIwtdnINxfpL6AtEWgivyOgcnHI=
github.com/libp2p/go-libp2p-transport v3.0.9+incompatible/go.mod h1:lcwgOszllbhvQXul37Kv5YbSYXPoUhRB2Z+Nr3jaBmo=
github.com/libp2p/go-libp2p-transport-upgrader v0.1.9 h1:+mQmLjb4FCZTAgMG95lbPvV55/cNPGm2vHzZ5Uq+9JE=
github.com/libp2p/go-libp2p-transport-upgrader v0.1.9/go.mod h1:5r+arPlxwtCEF1aVi/fTQF/ZWGSPHLxBov1DlXDevDA=
github.com/libp2p/go-maddr-filter v1.1.9 h1:832yvrYARYYldUTIUR069BpDICwg8kgjebbfTrZpc0M=
github.com/libp2p/go-maddr-filter v1.1.9/go.mod h1:9uHkmfw086BVLQyQFAbe/peEO9Iley6dafqm3cKHIAk=
github.com/libp2p/go-msgio v0.0.3 h1:bK3dnbyoI7ZvKPvAmF9kInYgC6s4DLC1l2js7Z7dN5c=
github.com/libp2p/go-msgio v0.0.3/go.mod h1:u5M7EDois/gQxdPuEfNYQks5cAu9oxUGDU3dRkGping=
github.com/libp2p/go-reuseport v0.1.17 h1:s4LlQ3R9tLmd08ZXtwKRuJ8Hw83h7OMUNqHBjDsRD8U=
github.com/libp2p/go-reuseport v0.1.17/go.mod h1:UeLFiw50cCfyDHBpU0sXBR8ul1MO/m51mXpRO/SYjCE=
github.com/libp2p/go-reuseport-transport v0.1.9 h1:cr13MrGfhcHLx8QXsjAX5Lik9LptHZ34G4/vq5e02aw=
github.com/libp2p/go-reuseport-transport v0.1.9/go.mod h1:twFBnjvBekr78LhW4UaBX26BfN5+0EcO7Y4KwZqDlls=
github.com/libp2p/go-sockaddr v1.0.3 h1:GAtpYcOgU1eLuqgLvm3EV1DpdJVBPraaYd5CVTAUEU8=
github.com/libp2p/go-sockaddr v1.0.3/go.mod h1:N/q858DTOi0BT81GpvIRIls1x7my5oLpbxYZnbRXVBM=
github.com/libp2p/go-stream-muxer v3.0.1+incompatible h1:w9q15DATxItvgKwr6/z+47AC/lg2itwoxu4W/uh0EgA=
github.com/libp2p/go-stream-muxer v3.0.1+incompatible/go.mod h1:bAo8x7YkSpadMTbtTaxGVHWUQsR/l5MEaHbKaliuT14=
github.com/libp2p/go-tcp-transport v2.0.9+incompatible h1:QaaQFLBAgIaG7N6iHPgiIIosl2NYFFPraDoS5R4Ebko=
github.com/libp2p/go-tcp-transport v2.0.9+incompatible/go.mod h1:K6Zi9TkPvn5m/m0bktlJ6Fv9Vna2wvr/jiCtTRC7T8o=
github.com/libp2p/go-ws-transport v2.0.9+incompatible h1:b92eSGCaPwXi0cb+y7MGVwCm0ZsqX8Zznb+CHB7o6eE=
github.com/libp2p/go-ws-transport v2.0.9+incompatible/go.mod h1:qx7Dcw4onTaVNI3iG6q3XOKwNQWnXYhNEHYmhgQmKKk=
github.com/magiconair/properties v1.8.0 h1:LLgXmsheXeRoUOBOjtwPQCWIYqM/LU1ayDtDePerRcY=
github.com/magiconair/properties v1.8.0/go.mod h1:PppfXfuXeibc/6YijjN8zIbojt8czPbwD3XqdrwzmxQ=
github.com/mattn/go-colorable v0.0.9 h1:UVL0vNpWh04HeJXV0KLcaT7r06gOH2l4OW6ddYRUIY4=
github.com/mattn/go-colorable v0.0.9/go.mod h1:9vuHe8Xs5qXnSaW/c/ABM9alt+Vo+STaOChaDxuIBZU=
github.com/mattn/go-isatty v0.0.4 h1:bnP0vzxcAdeI1zdubAl5PjU6zsERjGZb7raWodagDYs=
github.com/mattn/go-isatty v0.0.4/go.mod h1:M+lRXTBqGeGNdLjl/ufCoiOlB5xdOkqRJdNxMWT7Zi4=
github.com/minio/blake2b-simd v0.0.0-20160723061019-3f5f724cb5b1 h1:lYpkrQH5ajf0OXOcUbGjvZxxijuBwbbmlSxLiuofa+g=
github.com/minio/blake2b-simd v0.0.0-20160723061019-3f5f724cb5b1/go.mod h1:pD8RvIylQ358TN4wwqatJ8rNavkEINozVn9DtGI3dfQ=
github.com/minio/sha256-simd v0.0.0-20171213220625-ad98a36ba0da h1:tazA5y1hWYJO8VSYbU36yBhXeIvruLXMUKu6WBtcJck=
github.com/minio/sha256-simd v0.0.0-20171213220625-ad98a36ba0da/go.mod h1:2FMWW+8GMoPweT6+pI63m9YE3Lmw4J71hV56Chs1E/U=
github.com/mitchellh/go-homedir v1.0.0 h1:vKb8ShqSby24Yrqr/yDYkuFz8d0WUjys40rvnGC8aR0=
github.com/mitchellh/go-homedir v1.0.0/go.mod h1:SfyaCUpYCn1Vlf4IUYiD9fPX4A5wJrkLzIz1N1q0pr0=
github.com/mitchellh/mapstructure v1.0.0 h1:vVpGvMXJPqSDh2VYHF7gsfQj8Ncx+Xw5Y1KHeTRY+7I=
github.com/mitchellh/mapstructure v1.0.0/go.mod h1:FVVH3fgwuzCH5S8UJGiWEs2h04kUh9fWfEaFds41c1Y=
github.com/mr-tron/base58 v0.0.0-20180812161927-f84df45a6b88 h1:DFtFn9zYIWtmVUy1wCon57nA5QgpNpX+rfbUSjxR90M=
github.com/mr-tron/base58 v0.0.0-20180812161927-f84df45a6b88/go.mod h1:xcD2VGqlgYjBdcBLw+TuYLr8afG+Hj8g2eTVqeSzSU8=
github.com/multiformats/go-multiaddr v1.2.7 h1:EBphZlqqUCuRjGcaS479YewwDbk+fqyd1E+cg4TllrY=
github.com/multiformats/go-multiaddr v1.2.7/go.mod h1:1JAWc2R8uiQTLrCHI/lmOkXYu5B8025fQbZjq8//YgY=
github.com/multiformats/go-multiaddr-dns v0.2.3 h1:jgkKvpIiF6NSLMSZj3NjZHR1iCrkqmaJw+eG5Dxl3bA=
github.com/multiformats/go-multiaddr-dns v0.2.3/go.mod h1:IGZKFM4G96cYgdMcUmHx5gtJxiHmvZLTQ9rdWXMKJyo=
github.com/multiformats/go-multiaddr-net v1.6.2 h1:RkwrD+T2FTg3E3RnaLt8IRIdtwfvda8GphWxdIb8Gos=
github.com/multiformats/go-multiaddr-net v1.6.2/go.mod h1:AO4WqKzxLt+paJ0N0kufj6teQ2R6fZbnItDvGTwilmk=
github.com/multiformats/go-multibase v0.2.6 h1:w9qGU/R3ymBicByhYA7N62gaWOmuyDbQbNu5hhoyEJc=
github.com/multiformats/go-multibase v0.2.6/go.mod h1:RUrDbdRB1mQ1K/3PAh7h7+6NliRK10PA5joM8V0IYLI=
github.com/multiformats/go-multihash v1.0.8 h1:pyowaBSivNxBr137ZjYkr0q4o41MKSJVPKuO7F7AAfY=
github.com/multiformats/go-multihash v1.0.8/go.mod h1:sT17phG+xVgnrZc8ht/ZoCIV0sKRwvmZkXk46UfSxM4=
github.com/multiformats/go-multistream v0.3.7 h1:HQmhpezOZp5Kt/e6j0olkIXIx+b3aKRvg0FFNwbm5jM=
github.com/multiformats/go-multistream v0.3.7/go.mod h1:fJTiDfXJVmItycydCnNx4+wSzZ5NwG2FEVAI30fiovg=
github.com/opentracing/opentracing-go v1.0.2 h1:3jA2P6O1F9UOrWVpwrIo17pu01KWvNWg4X946/Y5Zwg=
github.com/opentracing/opentracing-go v1.0.2/go.mod h1:UkNAQd3GIcIGf0SeVgPpRdFStlNbqXla1AfSYxPUl2o=
github.com/paralin/go-libp2p-grpc v0.0.0-20171228081709-3d5d33466aef h1:PkuK8TlfeBTvnWE5vM8BRPuEP3S29B48aXBpzdgogb8=
github.com/paralin/go-libp2p-grpc v0.0.0-20171228081709-3d5d33466aef/go.mod h1:2D5xE9MmTAmCkf3jXGuEAUAjrZx1sIiyKXwiqQo0gJU=
github.com/pborman/uuid v0.0.0-20180909234540-25cd46ecac86 h1:kX78iVDtH+/sB0tiR3mkEEsO338B2F3OwE6t5d7vQmE=
github.com/pborman/uuid v0.0.0-20180909234540-25cd46ecac86/go.mod h1:VyrYX9gd7irzKovcSS6BIIEwPRkP2Wm2m9ufcdFSJ34=
github.com/pelletier/go-toml v1.2.0 h1:T5zMGML61Wp+FlcbWjRDT7yAxhJNAiPPLOFECq181zc=
github.com/pelletier/go-toml v1.2.0/go.mod h1:5z9KED0ma1S8pY6P1sdut58dfprrGBbd/94hg7ilaic=
github.com/pkg/errors v0.8.0 h1:WdK/asTD0HN+q6hsWO3/vpuAkAr+tw6aNJNDFFf0+qw=
github.com/pkg/errors v0.8.0/go.mod h1:bwawxfHBFNV+L2hUp1rHADufV3IMtnDRdf1r5NINEl0=
github.com/pmezard/go-difflib v1.0.0 h1:4DBwDE0NGyQoBHbLQYPwSUPoCMWR5BEzIk/f1lZbAQM=
github.com/pmezard/go-difflib v1.0.0/go.mod h1:iKH77koFhYxTK1pcRnkKkqfTogsbg7gZNVY4sRDYZ/4=
github.com/rjeczalik/notify v0.9.1 h1:CLCKso/QK1snAlnhNR/CNvNiFU2saUtjV0bx3EwNeCE=
github.com/rjeczalik/notify v0.9.1/go.mod h1:rKwnCoCGeuQnwBtTSPL9Dad03Vh2n40ePRrjvIXnJho=
github.com/rs/cors v1.5.0 h1:dgSHE6+ia18arGOTIYQKKGWLvEbGvmbNE6NfxhoNHUY=
github.com/rs/cors v1.5.0/go.mod h1:gFx+x8UowdsKA9AchylcLynDq+nNFfI8FkUZdN/jGCU=
github.com/satori/go.uuid v1.0.0 h1:6QDKTa2a+CpXmqIFypEOKZUreVG3iCcrb8vbCkHTDsY=
github.com/satori/go.uuid v1.0.0/go.mod h1:dA0hQrYB0VpLJoorglMZABFdXlWrHn1NEOzdhQKdks0=
github.com/satori/go.uuid v1.1.0 h1:B9KXyj+GzIpJbV7gmr873NsY6zpbxNy24CBtGrk7jHo=
github.com/satori/go.uuid v1.1.0/go.mod h1:dA0hQrYB0VpLJoorglMZABFdXlWrHn1NEOzdhQKdks0=
github.com/satori/go.uuid v1.1.1-0.20180103003558-063359185d32 h1:7Ki6F8LlVi92C/uur18yPaVbaKQkMrAURdO6FEdR22I=
github.com/satori/go.uuid v1.1.1-0.20180103003558-063359185d32/go.mod h1:dA0hQrYB0VpLJoorglMZABFdXlWrHn1NEOzdhQKdks0=
github.com/satori/go.uuid v1.2.0 h1:0uYX9dsZ2yD7q2RtLRtPSdGDWzjeM3TbMJP9utgA0ww=
github.com/satori/go.uuid v1.2.0/go.mod h1:dA0hQrYB0VpLJoorglMZABFdXlWrHn1NEOzdhQKdks0=
github.com/satori/go.uuid v1.2.1-0.20180103174451-36e9d2ebbde5 h1:Jw7W4WMfQDxsXvfeFSaS2cHlY7bAF4MGrgnbd0+Uo78=
github.com/satori/go.uuid v1.2.1-0.20180103174451-36e9d2ebbde5/go.mod h1:dA0hQrYB0VpLJoorglMZABFdXlWrHn1NEOzdhQKdks0=
github.com/spaolacci/murmur3 v0.0.0-20180118202830-f09979ecbc72 h1:qLC7fQah7D6K1B0ujays3HV9gkFtllcxhzImRR7ArPQ=
github.com/spaolacci/murmur3 v0.0.0-20180118202830-f09979ecbc72/go.mod h1:JwIasOWyU6f++ZhiEuf87xNszmSA2myDM2Kzu9HwQUA=
github.com/spf13/afero v1.1.2 h1:m8/z1t7/fwjysjQRYbP0RD+bUIF/8tJwPdEZsI83ACI=
github.com/spf13/afero v1.1.2/go.mod h1:j4pytiNVoe2o6bmDsKpLACNPDBIoEAkihy7loJ1B0CQ=
github.com/spf13/cast v1.2.0 h1:HHl1DSRbEQN2i8tJmtS6ViPyHx35+p51amrdsiTCrkg=
github.com/spf13/cast v1.2.0/go.mod h1:r2rcYCSwa1IExKTDiTfzaxqT2FNHs8hODu4LnUfgKEg=
github.com/spf13/cobra v0.0.3 h1:ZlrZ4XsMRm04Fr5pSFxBgfND2EBVa1nLpiy1stUsX/8=
github.com/spf13/cobra v0.0.3/go.mod h1:1l0Ry5zgKvJasoi3XT1TypsSe7PqH0Sj9dhYf7v3XqQ=
github.com/spf13/jwalterweatherman v1.0.0 h1:XHEdyB+EcvlqZamSM4ZOMGlc93t6AcsBEu9Gc1vn7yk=
github.com/spf13/jwalterweatherman v1.0.0/go.mod h1:cQK4TGJAtQXfYWX+Ddv3mKDzgVb68N+wFjFa4jdeBTo=
github.com/spf13/pflag v1.0.2 h1:Fy0orTDgHdbnzHcsOgfCN4LtHf0ec3wwtiwJqwvf3Gc=
github.com/spf13/pflag v1.0.2/go.mod h1:DYY7MBk1bdzusC3SYhjObp+wFpr4gzcvqqNjLnInEg4=
github.com/spf13/viper v1.2.0 h1:M4Rzxlu+RgU4pyBRKhKaVN1VeYOm8h2jgyXnAseDgCc=
github.com/spf13/viper v1.2.0/go.mod h1:P4AexN0a+C9tGAnUFNwDMYYZv3pjFuvmeiMyKRaNVlI=
github.com/streadway/amqp v0.0.0-20180806233856-70e15c650864 h1:Oj3PUEs+OUSYUpn35O+BE/ivHGirKixA3+vqA0Atu9A=
github.com/streadway/amqp v0.0.0-20180806233856-70e15c650864/go.mod h1:1WNBiOZtZQLpVAyu0iTduoJL9hEsMloAK5XWrtW0xdY=
github.com/stretchr/objx v0.1.1 h1:2vfRuCMp5sSVIDSqO8oNnWJq7mPa6KVP3iPIwFBuy8A=
github.com/stretchr/objx v0.1.1/go.mod h1:HFkY916IF+rwdDfMAkV7OtwuqBVzrE8GR6GFx+wExME=
github.com/stretchr/testify v1.2.2 h1:bSDNvY7ZPG5RlJ8otE/7V6gMiyenm9RtJ7IUVIAoJ1w=
github.com/stretchr/testify v1.2.2/go.mod h1:a8OnRcib4nhh0OaRAV+Yts87kKdq0PP7pXfy6kDkUVs=
github.com/syndtr/goleveldb v0.0.0-20180815032940-ae2bd5eed72d h1:4J9HCZVpvDmj2tiKGSTUnb3Ok/9CEQb9oqu9LHKQQpc=
github.com/syndtr/goleveldb v0.0.0-20180815032940-ae2bd5eed72d/go.mod h1:Z4AUp2Km+PwemOoO/VB5AOx9XSsIItzFjoJlOSiYmn0=
github.com/whyrusleeping/base32 v0.0.0-20170828182744-c30ac30633cc h1:BCPnHtcboadS0DvysUuJXZ4lWVv5Bh5i7+tbIyi+ck4=
github.com/whyrusleeping/base32 v0.0.0-20170828182744-c30ac30633cc/go.mod h1:r45hJU7yEoA81k6MWNhpMj/kms0n14dkzkxYHoB96UM=
github.com/whyrusleeping/go-keyspace v0.0.0-20160322163242-5b898ac5add1 h1:EKhdznlJHPMoKr0XTrX+IlJs1LH3lyx2nfr1dOlZ79k=
github.com/whyrusleeping/go-keyspace v0.0.0-20160322163242-5b898ac5add1/go.mod h1:8UvriyWtv5Q5EOgjHaSseUEdkQfvwFv1I/In/O2M9gc=
github.com/whyrusleeping/go-logging v0.0.0-20170515211332-0457bb6b88fc h1:9lDbC6Rz4bwmou+oE6Dt4Cb2BGMur5eR/GYptkKUVHo=
github.com/whyrusleeping/go-logging v0.0.0-20170515211332-0457bb6b88fc/go.mod h1:bopw91TMyo8J3tvftk8xmU2kPmlrt4nScJQZU2hE5EM=
github.com/whyrusleeping/go-multiplex v0.2.25 h1:vLsHPa3/elV2jsNVTf29Ote1WlKgT6Uu97C0C/paR4c=
github.com/whyrusleeping/go-multiplex v0.2.25/go.mod h1:4RC9WGo4ProT/a2uTYVgqMxurfyI45hjPSTGLao8VFY=
github.com/whyrusleeping/go-notifier v0.0.0-20170827234753-097c5d47330f h1:M/lL30eFZTKnomXY6huvM6G0+gVquFNf6mxghaWlFUg=
github.com/whyrusleeping/go-notifier v0.0.0-20170827234753-097c5d47330f/go.mod h1:cZNvX9cFybI01GriPRMXDtczuvUhgbcYr9iCGaNlRv8=
github.com/whyrusleeping/go-smux-multiplex v3.0.12+incompatible h1:5eE6lfDrRxUPNIGWrbKPHcqgzMgaoJZztad/LYKB/Pw=
github.com/whyrusleeping/go-smux-multiplex v3.0.12+incompatible/go.mod h1:34LEDbeKFZInPUrAG+bjuJmUXONGdEFW7XL0SpTY1y4=
github.com/whyrusleeping/go-smux-multistream v2.0.2+incompatible h1:BdYHctE9HJZLquG9tpTdwWcbG4FaX6tVKPGjCGgiVxo=
github.com/whyrusleeping/go-smux-multistream v2.0.2+incompatible/go.mod h1:dRWHHvc4HDQSHh9gbKEBbUZ+f2Q8iZTPG3UOGYODxSQ=
github.com/whyrusleeping/go-smux-yamux v0.0.0-20180604123621-eac25f3e2d47 h1:DYQb+UAoSY4WVDM2FSvJs8dYUvO+569dR28W/QKP70c=
github.com/whyrusleeping/go-smux-yamux v0.0.0-20180604123621-eac25f3e2d47/go.mod h1:6qHUzBXUbB9MXmw3AUdB52L8sEb/hScCqOdW2kj/wuI=
github.com/whyrusleeping/mafmt v0.0.0-20180627004827-1dc32401ee9f h1:K+jRchI301pbgC5O7JaM/ykXqQUhEukwzTwfujBVQbI=
github.com/whyrusleeping/mafmt v0.0.0-20180627004827-1dc32401ee9f/go.mod h1:faQJFPbLSxzD9xpA02ttW/tS9vZykNvXwGvqIpk20FA=
github.com/whyrusleeping/multiaddr-filter v0.0.0-20160516205228-e903e4adabd7 h1:E9S12nwJwEOXe2d6gT6qxdvqMnNq+VnSsKPgm2ZZNds=
github.com/whyrusleeping/multiaddr-filter v0.0.0-20160516205228-e903e4adabd7/go.mod h1:X2c0RVCI1eSUFI8eLcY3c0423ykwiUdxLJtkDvruhjI=
github.com/whyrusleeping/yamux v0.0.0-20180713144751-cb29a700b01d h1:se+vGWyX9f7XVAFS13ehYCZbTfM1b8J6317UimWII6A=
github.com/whyrusleeping/yamux v0.0.0-20180713144751-cb29a700b01d/go.mod h1:E8LnQQ8HKx5KD29HZFUwM1PxCOdPRzGwur1mcYhXcD8=
github.com/xsleonard/go-merkle v0.0.0-20180826061644-fbb7cafc5ae4 h1:rOcbjX9bm+9oOSbUm15bbbb7/HPx/NNPINAFISN0guc=
github.com/xsleonard/go-merkle v0.0.0-20180826061644-fbb7cafc5ae4/go.mod h1:Zk/UWw1znufO3f0znEsqmwcOobYbg6fQgum8qopQJOI=
golang.org/x/crypto v0.0.0-20180910181607-0e37d006457b h1:2b9XGzhjiYsYPnKXoEfL7klWZQIt8IfyRCz62gCqqlQ=
golang.org/x/crypto v0.0.0-20180910181607-0e37d006457b/go.mod h1:6SG95UA2DQfeDnfUPMdvaQW0Q7yPrPDi9nlGo2tz2b4=
golang.org/x/lint v0.0.0-20180702182130-06c8688daad7/go.mod h1:UVdnD1Gm6xHRNCYTkRU2/jEulfH38KcIWyp/GAMgvoE=
golang.org/x/net v0.0.0-20180524181706-dfa909b99c79/go.mod h1:mL1N/T3taQHkDXs73rZJwtUhF3w3ftmwwsq0BUmARs4=
golang.org/x/net v0.0.0-20180611182652-db08ff08e862/go.mod h1:mL1N/T3taQHkDXs73rZJwtUhF3w3ftmwwsq0BUmARs4=
golang.org/x/net v0.0.0-20180826012351-8a410e7b638d/go.mod h1:mL1N/T3taQHkDXs73rZJwtUhF3w3ftmwwsq0BUmARs4=
golang.org/x/net v0.0.0-20180911220305-26e67e76b6c3 h1:czFLhve3vsQetD6JOJ8NZZvGQIXlnN3/yXxbT6/awxI=
golang.org/x/net v0.0.0-20180911220305-26e67e76b6c3/go.mod h1:mL1N/T3taQHkDXs73rZJwtUhF3w3ftmwwsq0BUmARs4=
golang.org/x/oauth2 v0.0.0-20180821212333-d2e6202438be/go.mod h1:N/0e6XlmueqKjAGxoOufVs8QHGRruUQn6yWY3a++T0U=
golang.org/x/sync v0.0.0-20180314180146-1d60e4601c6f/go.mod h1:RxMgew5VJxzue5/jJTE5uejpjVlOe/izrB70Jof72aM=
golang.org/x/sys v0.0.0-20180830151530-49385e6e1522/go.mod h1:STP8DvDyc/dI5b8T5hshtkjS+E42TnysNCUPdjciGhY=
golang.org/x/sys v0.0.0-20180906133057-8cf3aee42992 h1:BH3eQWeGbwRU2+wxxuuPOdFBmaiBH81O8BugSjHeTFg=
golang.org/x/sys v0.0.0-20180906133057-8cf3aee42992/go.mod h1:STP8DvDyc/dI5b8T5hshtkjS+E42TnysNCUPdjciGhY=
golang.org/x/text v0.3.0 h1:g61tztE5qeGQ89tm6NTjjM9VPIm088od1l6aSorWRWg=
golang.org/x/text v0.3.0/go.mod h1:NqM8EUOU14njkJ3fqMW+pc6Ldnwhi/IjpwHt7yyuwOQ=
golang.org/x/tools v0.0.0-20180828015842-6cd1fcedba52 h1:JG/0uqcGdTNgq7FdU+61l5Pdmb8putNZlXb65bJBROs=
golang.org/x/tools v0.0.0-20180828015842-6cd1fcedba52/go.mod h1:n7NCudcB/nEzxVGmLbDWY5pfWTLqBcC2KZ6jyYvM4mQ=
google.golang.org/appengine v1.1.0/go.mod h1:EbEs0AVv82hx2wNQdGPgUI5lhzA/G0D9YwlJXL52JkM=
google.golang.org/genproto v0.0.0-20180817151627-c66870c02cf8/go.mod h1:JiN7NxoALGmiZfu7CAH4rXhgtRTLTxftemlI0sWmxmc=
google.golang.org/genproto v0.0.0-20180912233945-5a2fd4cab2d6 h1:YN6g8chEdBTmaERxJzbJ6WKLrW3+Bf6rznOBkWNSQP0=
google.golang.org/genproto v0.0.0-20180912233945-5a2fd4cab2d6/go.mod h1:JiN7NxoALGmiZfu7CAH4rXhgtRTLTxftemlI0sWmxmc=
google.golang.org/grpc v1.15.0 h1:Az/KuahOM4NAidTEuJCv/RonAA7rYsTPkqXVjr+8OOw=
google.golang.org/grpc v1.15.0/go.mod h1:0JHn/cJsOMiMfNA9+DeHDlAU7KAAB5GDlYFpa9MZMio=
gopkg.in/check.v1 v0.0.0-20161208181325-20d25e280405/go.mod h1:Co6ibVJAznAaIkqp8huTwlJQCZ016jof/cbN4VW5Yz0=
gopkg.in/karalabe/cookiejar.v2 v2.0.0-20150724131613-8dcd6a7f4951 h1:DMTcQRFbEH62YPRWwOI647s2e5mHda3oBPMHfrLs2bw=
gopkg.in/karalabe/cookiejar.v2 v2.0.0-20150724131613-8dcd6a7f4951/go.mod h1:owOxCRGGeAx1uugABik6K9oeNu1cgxP/R9ItzLDxNWA=
gopkg.in/natefinch/npipe.v2 v2.0.0-20160621034901-c1b8fa8bdcce h1:+JknDZhAj8YMt7GC73Ei8pv4MzjDUNPHgQWJdtMAaDU=
gopkg.in/natefinch/npipe.v2 v2.0.0-20160621034901-c1b8fa8bdcce/go.mod h1:5AcXVHNjg+BDxry382+8OKon8SEWiKktQR07RKPsv1c=
gopkg.in/resty.v1 v1.9.1 h1:Lq4EIBZ5e2J4ZWp22W2hVOYc0X1qwDDki/nNVchRbdw=
gopkg.in/resty.v1 v1.9.1/go.mod h1:vo52Hzryw9PnPHcJfPsBiFW62XhNx5OczbV9y+IMpgc=
gopkg.in/yaml.v2 v2.2.1 h1:mUhvW9EsL+naU5Q3cakzfE91YhliOondGd6ZrsDBHQE=
gopkg.in/yaml.v2 v2.2.1/go.mod h1:hI93XBmqTisBFMUTm0b8Fm+jr3Dg1NNxqwp+5A1VGuI=
honnef.co/go/tools v0.0.0-20180728063816-88497007e858/go.mod h1:rf3lG4BRIbNafJWhAfAdb/ePZxsR/4RtNHQocxwk9r4=
