# This file is autogenerated, do not edit; changes may be undone by the next 'dep ensure'.


[[projects]]
  digest = "1:c75da3666c696707c1330645a550f3f6ed907ad71ee3333e5294504fe7ccab28"
  name = "github.com/CentrifugeInc/centrifuge-protobufs"
  packages = [
    "documenttypes",
    "gen/go/coredocument",
    "gen/go/errors",
    "gen/go/invoice",
    "gen/go/notification",
    "gen/go/p2p",
    "gen/go/purchaseorder",
  ]
  pruneopts = "T"
  revision = "b7fa428427399b8de836278cbb6810e023c3a816"
  source = "git@github.com:CentrifugeInc/centrifuge-protobufs"

[[projects]]
  digest = "1:55388fd080150b9a072912f97b1f5891eb0b50df43401f8b75fb4273d3fec9fc"
  name = "github.com/Masterminds/semver"
  packages = ["."]
  pruneopts = "UT"
  revision = "c7af12943936e8c39859482e61f0574c2fd7fc75"
  version = "v1.4.2"

[[projects]]
  branch = "master"
  digest = "1:4cf11742b199ab3aacf26b00187e72f7ff8ba2145f363b74f295d54f098f79e4"
  name = "github.com/agl/ed25519"
  packages = [
    ".",
    "edwards25519",
    "extra25519",
  ]
  pruneopts = "UT"
  revision = "5312a61534124124185d41f09206b9fef1d88403"

[[projects]]
  branch = "master"
  digest = "1:7d191fd0c54ff370eaf6116a14dafe2a328df487baea280699f597aae858d00d"
  name = "github.com/aristanetworks/goarista"
  packages = ["monotime"]
  pruneopts = "UT"
  revision = "18b896026201d8e1758468d9c5d5a558c69c5e9b"

[[projects]]
  branch = "master"
  digest = "1:2c00f064ba355903866cbfbf3f7f4c0fe64af6638cc7d1b8bdcf3181bc67f1d8"
  name = "github.com/btcsuite/btcd"
  packages = ["btcec"]
  pruneopts = "UT"
  revision = "f899737d7f2764dc13e4d01ff00108ec58f766a9"

[[projects]]
  digest = "1:5c65ea082148892bd4a93881b2810a7d20d86a25034dcf520292c8fd38cee3b1"
  name = "github.com/centrifuge/precise-proofs"
  packages = [
    "proofs",
    "proofs/proto",
  ]
  pruneopts = "UT"
  revision = "f8ef5392db436f8678e972810bf919c0406d1b83"

[[projects]]
  digest = "1:0ef770954bca104ee99b3b6b7f9b240605ac03517d9f98cbc1893daa03f3c038"
  name = "github.com/coreos/go-semver"
  packages = ["semver"]
  pruneopts = "UT"
  revision = "8ab6407b697782a06568d4b7f1db25550ec2e4c6"
  version = "v0.2.0"

[[projects]]
  digest = "1:a2c1d0e43bd3baaa071d1b9ed72c27d78169b2b269f71c105ac4ba34b1be4a39"
  name = "github.com/davecgh/go-spew"
  packages = ["spew"]
  pruneopts = "UT"
  revision = "346938d642f2ec3594ed81d874461961cd0faa76"
  version = "v1.1.0"

[[projects]]
  digest = "1:c166378e8ab0f794f293dfb941d250dd70b035b05dec58879f717621d0fe1714"
  name = "github.com/deckarep/golang-set"
  packages = ["."]
  pruneopts = "UT"
  revision = "1d4478f51bed434f1dadf96dcd9b43aabac66795"
  version = "v1.7"

[[projects]]
  branch = "master"
  digest = "1:dbb3d1675f5beeb37de6e9b95cc460158ff212902a916e67688b01e0660f41bd"
  name = "github.com/docker/spdystream"
  packages = [
    ".",
    "spdy",
  ]
  pruneopts = "UT"
  revision = "bc6354cbbc295e925e4c611ffe90c1f287ee54db"

[[projects]]
  digest = "1:b2f36e5422bda96da299f9e48c7dcdd3177b18477297f84ff1a45ec3032c2994"
  name = "github.com/ethereum/go-ethereum"
  packages = [
    ".",
    "accounts",
    "accounts/abi",
    "accounts/abi/bind",
    "accounts/keystore",
    "common",
    "common/hexutil",
    "common/math",
    "common/mclock",
    "core/types",
    "crypto",
    "crypto/secp256k1",
    "crypto/sha3",
    "ethclient",
    "ethdb",
    "event",
    "log",
    "metrics",
    "p2p/netutil",
    "params",
    "rlp",
    "rpc",
    "trie",
  ]
  pruneopts = "T"
  revision = "225171a4bfcc16bd12a1906b1e0d43d0b18c353b"
  source = "git@github.com:ethereum/go-ethereum"
  version = "v1.8.13"

[[projects]]
  digest = "1:d1341a04a4443bba8c8af76ec6c3960206074490a1284b4853ff5a88a66c63b7"
  name = "github.com/fd/go-nat"
  packages = ["."]
  pruneopts = "UT"
  revision = "bad65a492f32121a87197f4a085905c35e2a367e"
  version = "v1.0.0"

[[projects]]
  digest = "1:abeb38ade3f32a92943e5be54f55ed6d6e3b6602761d74b4aab4c9dd45c18abd"
  name = "github.com/fsnotify/fsnotify"
  packages = ["."]
  pruneopts = "UT"
  revision = "c2828203cd70a50dcccfb2761f8b1f8ceef9a8e9"
  version = "v1.4.7"

[[projects]]
  digest = "1:2cd7915ab26ede7d95b8749e6b1f933f1c6d5398030684e6505940a10f31cfda"
  name = "github.com/ghodss/yaml"
  packages = ["."]
  pruneopts = "UT"
  revision = "0ca9ea5df5451ffdf184b4428c902747c2c11cd7"
  version = "v1.0.0"

[[projects]]
  branch = "master"
  digest = "1:5911819b63f87b31ce5fba381922bb2849897d214d2b9b4af4ffc04e2dc8716a"
  name = "github.com/go-bongo/go-dotaccess"
  packages = ["."]
  pruneopts = "UT"
  revision = "ae070a2d2a38fd7233e255ded21fb26fe36b4796"

[[projects]]
  digest = "1:aacef5f5e45685f2aeda5534d0a750dee6859de7e9088cdd06192787bb01ae6d"
  name = "github.com/go-errors/errors"
  packages = ["."]
  pruneopts = "UT"
  revision = "a6af135bd4e28680facf08a3d206b454abc877a4"
  version = "v1.0.1"

[[projects]]
  digest = "1:c4a2528ccbcabf90f9f3c464a5fc9e302d592861bbfd0b7135a7de8a943d0406"
  name = "github.com/go-stack/stack"
  packages = ["."]
  pruneopts = "UT"
  revision = "259ab82a6cad3992b4e21ff5cac294ccb06474bc"
  version = "v1.7.0"

[[projects]]
  digest = "1:2537bea8e6a4a90946bcd145cbdbd6f54d2dc263b3dee0ad96894e555a474f8b"
  name = "github.com/gogo/protobuf"
  packages = [
    "io",
    "proto",
  ]
  pruneopts = "UT"
  revision = "636bf0302bc95575d69441b25a2603156ffdddf1"
  version = "v1.1.1"

[[projects]]
  branch = "master"
  digest = "1:1ba1d79f2810270045c328ae5d674321db34e3aae468eb4233883b473c5c0467"
  name = "github.com/golang/glog"
  packages = ["."]
  pruneopts = "UT"
  revision = "23def4e6c14b4da8ac2ed8007337bc5eb5007998"

[[projects]]
  digest = "1:73a422fb01e21ee2c9396a5099a991bf5183731fbc7119e368727a7560e45178"
  name = "github.com/golang/protobuf"
  packages = [
    "descriptor",
    "jsonpb",
    "proto",
    "protoc-gen-go",
    "protoc-gen-go/descriptor",
    "protoc-gen-go/generator",
    "protoc-gen-go/generator/internal/remap",
    "protoc-gen-go/grpc",
    "protoc-gen-go/plugin",
    "ptypes",
    "ptypes/any",
    "ptypes/duration",
    "ptypes/empty",
    "ptypes/struct",
    "ptypes/timestamp",
  ]
  pruneopts = "UT"
  revision = "b4deda0973fb4c70b50d226b1af49f3da59f5265"
  version = "v1.1.0"

[[projects]]
  branch = "master"
  digest = "1:4a0c6bb4805508a6287675fac876be2ac1182539ca8a32468d8128882e9d5009"
  name = "github.com/golang/snappy"
  packages = ["."]
  pruneopts = "UT"
  revision = "2e65f85255dbc3072edf28d6b5b8efc472979f5a"

[[projects]]
  digest = "1:8f8811f9be822914c3a25c6a071e93beb4c805d7b026cbf298bc577bc1cc945b"
  name = "github.com/google/uuid"
  packages = ["."]
  pruneopts = "UT"
  revision = "064e2069ce9c359c118179501254f67d7d37ba24"
  version = "0.2"

[[projects]]
  digest = "1:43dd08a10854b2056e615d1b1d22ac94559d822e1f8b6fcc92c1a1057e85188e"
  name = "github.com/gorilla/websocket"
  packages = ["."]
  pruneopts = "UT"
  revision = "ea4d1f681babbce9545c9c5f3d5194a789c89f5b"
  version = "v1.2.0"

[[projects]]
  digest = "1:69cd81163a00bb8405194d47b8be19283744779b6104f2d6b3735e2a01cdb6fa"
  name = "github.com/grpc-ecosystem/grpc-gateway"
  packages = [
    "codegenerator",
    "protoc-gen-grpc-gateway",
    "protoc-gen-grpc-gateway/descriptor",
    "protoc-gen-grpc-gateway/generator",
    "protoc-gen-grpc-gateway/gengateway",
    "protoc-gen-grpc-gateway/httprule",
    "protoc-gen-swagger/options",
    "runtime",
    "runtime/internal",
    "utilities",
  ]
  pruneopts = "T"
  revision = "92583770e3f01b09a0d3e9bdf64321d8bebd48f2"
  source = "git@github.com:grpc-ecosystem/grpc-gateway"
  version = "v1.4.1"

[[projects]]
  branch = "master"
  digest = "1:31e6ca5d3801cd74e569cb9597d5a0b06d862307ffb045e581b44fe4a316ea09"
  name = "github.com/gxed/GoEndian"
  packages = ["."]
  pruneopts = "UT"
  revision = "0f5c6873267e5abf306ffcdfcfa4bf77517ef4a7"

[[projects]]
  branch = "master"
  digest = "1:dc57a2580e33eae03691c9ede0b30cf1dc622ff471fc6a36388879ded5702d02"
  name = "github.com/gxed/eventfd"
  packages = ["."]
  pruneopts = "UT"
  revision = "80a92cca79a8041496ccc9dd773fcb52a57ec6f9"

[[projects]]
  branch = "master"
  digest = "1:e3ddd1f59d3c84917c99ecb1c3420aa6899f6df7495ba9414c13732b2e9568dd"
  name = "github.com/gxed/hashland"
  packages = ["keccakpg"]
  pruneopts = "UT"
  revision = "d9f6b97f8db22dd1e090fd0bbbe98f09cc7dd0a8"

[[projects]]
  branch = "master"
  digest = "1:cf296baa185baae04a9a7004efee8511d08e2f5f51d4cbe5375da89722d681db"
  name = "github.com/hashicorp/golang-lru"
  packages = [
    ".",
    "simplelru",
  ]
  pruneopts = "UT"
  revision = "0fb14efe8c47ae851c0034ed7a448854d3d34cf3"

[[projects]]
  branch = "master"
  digest = "1:a361611b8c8c75a1091f00027767f7779b29cb37c456a71b8f2604c88057ab40"
  name = "github.com/hashicorp/hcl"
  packages = [
    ".",
    "hcl/ast",
    "hcl/parser",
    "hcl/printer",
    "hcl/scanner",
    "hcl/strconv",
    "hcl/token",
    "json/parser",
    "json/scanner",
    "json/token",
  ]
  pruneopts = "UT"
  revision = "ef8a98b0bbce4a65b5aa4c368430a80ddc533168"

[[projects]]
  branch = "master"
  digest = "1:3f5e7a4329f76e2617bf094eb5eec2ec2eff590d145c0beb32bac699628dea7d"
  name = "github.com/huin/goupnp"
  packages = [
    ".",
    "dcps/internetgateway1",
    "dcps/internetgateway2",
    "httpu",
    "scpd",
    "soap",
    "ssdp",
  ]
  pruneopts = "UT"
  revision = "1395d1447324cbea88d249fbfcfd70ea878fdfca"

[[projects]]
  branch = "master"
  digest = "1:89cd2208bdeb192cc83ee287216af3c987fc87a90b9087718ad6631b636cefcf"
  name = "github.com/iancoleman/strcase"
  packages = ["."]
  pruneopts = "UT"
  revision = "3605ed457bf7f8caa1371b4fafadadc026673479"

[[projects]]
  digest = "1:870d441fe217b8e689d7949fef6e43efbc787e50f200cb1e70dbca9204a1d6be"
  name = "github.com/inconshreveable/mousetrap"
  packages = ["."]
  pruneopts = "UT"
  revision = "76626ae9c91c4f2a10f34cad8ce83ea42c93bb75"
  version = "v1.0"

[[projects]]
  digest = "1:c6276054735b6423adbb7b92dcabd7a2317c565632db8ce2be96def465255b52"
  name = "github.com/ipfs/go-cid"
  packages = ["."]
  pruneopts = "UT"
  revision = "5b04f3043387b02aeeee6a35899f0e767bae3b33"
  version = "v0.7.21"

[[projects]]
  digest = "1:d4c557f6c1bced79b24fbb62d4672345562a27b378dc9d7a38bcabb3282ffb0a"
  name = "github.com/ipfs/go-datastore"
  packages = [
    ".",
    "autobatch",
    "query",
  ]
  pruneopts = "UT"
  revision = "f2426c09e56ae390fc416f21b224c7d7ad13418c"

[[projects]]
  digest = "1:932e9ecb3ca18a593f91b25f004385265aee3978d0be9425ccfb6a9b1d8cba61"
  name = "github.com/ipfs/go-ipfs-addr"
  packages = ["."]
  pruneopts = "UT"
  revision = "0fa9617e13014d73f80e1ce7f0387a3fadafb6a4"
  version = "v0.1.18"

[[projects]]
  digest = "1:aae82c244bd91107575a0244a29e82e34ba23e06b6892557e33728de48deba96"
  name = "github.com/ipfs/go-ipfs-util"
  packages = ["."]
  pruneopts = "UT"
  revision = "10d786c5ed859afd22223df76a89bf57b24b2ee1"
  version = "v1.2.8"

[[projects]]
  digest = "1:2a491fe250b1058b3aa1565e16858712021dc8462e2b94b4c58a6ea8ea53fc24"
  name = "github.com/ipfs/go-log"
  packages = [
    ".",
    "tracer",
    "tracer/wire",
    "writer",
  ]
  pruneopts = "UT"
  revision = "5dc2060baaf8db344f31dafd852340b93811d03f"
  version = "v1.5.3"

[[projects]]
  digest = "1:02f46892f567f7d4750ca585af9f1befecec9133fbd6e2eb329fb305d7f6489d"
  name = "github.com/ipfs/go-todocounter"
  packages = ["."]
  pruneopts = "UT"
  revision = "289b6e202fbecea527f25a32d76593ee2f12de4c"
  version = "v1.0.1"

[[projects]]
  digest = "1:6b8866cc9496eada254debc24199981e21fd70fd0031ff7a581ac91be47187bb"
  name = "github.com/jackpal/gateway"
  packages = ["."]
  pruneopts = "UT"
  revision = "3e333950771011fed13be63e62b9f473c5e0d9bf"
  version = "v1.0.4"

[[projects]]
  digest = "1:32b82e71cf24f8b78323e0d7903c4b90278486283965aa2a19b1ea13763b8f34"
  name = "github.com/jackpal/go-nat-pmp"
  packages = ["."]
  pruneopts = "UT"
  revision = "c9cfead9f2a36ddf3daa40ba269aa7f4bbba6b62"
  version = "v1.0.1"

[[projects]]
  branch = "master"
  digest = "1:32f0af254a313e466e2cb2e3c8270713ceb8024eb7b12ff162ca49cce6de4038"
  name = "github.com/jbenet/go-context"
  packages = [
    "frac",
    "io",
  ]
  pruneopts = "UT"
  revision = "d14ea06fba99483203c19d92cfcd13ebe73135f4"

[[projects]]
  branch = "master"
  digest = "1:8f4aedc183dc8dfef9a7a1f1ba205dc87ecd2675eea350a736bda889e3bcf8ea"
  name = "github.com/jbenet/go-temp-err-catcher"
  packages = ["."]
  pruneopts = "UT"
  revision = "aac704a3f4f27190b4ccc05f303a4931fd1241ff"

[[projects]]
  branch = "master"
  digest = "1:a2a82ac6d7f2ab5966591f95612e3ecd9afed66051189e06876a29ed3744a3ea"
  name = "github.com/jbenet/goprocess"
  packages = [
    ".",
    "context",
    "periodic",
    "ratelimit",
  ]
  pruneopts = "UT"
  revision = "b497e2f366b8624394fb2e89c10ab607bebdde0b"

[[projects]]
  digest = "1:d38d6658922388905ca5d129ee4af7893efaa66f1f96e962dfed931acd8b3eb8"
  name = "github.com/libp2p/go-addr-util"
  packages = ["."]
  pruneopts = "UT"
  revision = "a9d6b939b59796c4933f56a8e628d6682d8d2a05"

[[projects]]
  digest = "1:8ec2dd9fcb14281362c41fc250a9f0dec9568db7c435b261a0ab6d4aa2b12263"
  name = "github.com/libp2p/go-flow-metrics"
  packages = ["."]
  pruneopts = "UT"
  revision = "3b3bcfcf78f2dc0e85be13ef3c3adc64cc5a9347"

[[projects]]
  digest = "1:6465ba552a12de877e1b59003ef51b018a6421f0466c7b05906f0ee2c325086a"
  name = "github.com/libp2p/go-libp2p"
  packages = [
    "p2p/host/basic",
    "p2p/protocol/identify",
    "p2p/protocol/identify/pb",
  ]
  pruneopts = "UT"
  revision = "5180df872e5ef34074bc6977b78f6b6e98553788"

[[projects]]
  digest = "1:5732a1b6ca38d6e4a713a8e866592cc44afb388e22d2f947215bd3ae99ef135d"
  name = "github.com/libp2p/go-libp2p-circuit"
  packages = [
    ".",
    "pb",
  ]
  pruneopts = "UT"
  revision = "e85b2ba300206b73ffce804a1af20862ff1e12de"

[[projects]]
  digest = "1:1033d675f5edae772db9e20b6d757b5aae59f69fb070358dd3d83b9fdf6fa25c"
  name = "github.com/libp2p/go-libp2p-conn"
  packages = ["."]
  pruneopts = "UT"
  revision = "8058ec7c7d8d3834119a164005482ea696f028e4"

[[projects]]
  digest = "1:434dbcfd72eaceb9487c530a712f4a7fab6e3405408a6e5ba29fd2be6eecfc46"
  name = "github.com/libp2p/go-libp2p-crypto"
  packages = [
    ".",
    "pb",
  ]
  pruneopts = "UT"
  revision = "f2afd8b3d4e358a6092159c813cb2bdf6d984e68"

[[projects]]
  digest = "1:163e203dcdc703fdb30a24ede96e13572a2838c309f2bb70338a5db6d88ec051"
  name = "github.com/libp2p/go-libp2p-host"
  packages = ["."]
  pruneopts = "UT"
  revision = "dfeeb00fc9decef43a6bc47b555a530cb38e0c62"

[[projects]]
  digest = "1:1953d4631c891e9593a1d44c57e46bd34bf1df7bb9ef0d9951e970bb278ffe87"
  name = "github.com/libp2p/go-libp2p-interface-conn"
  packages = ["."]
  pruneopts = "UT"
  revision = "0635e022759c738c55b7769cc6307506946089b9"

[[projects]]
  digest = "1:0e64bdec0922bc5c3beb9c6980fd65c7e08366d02736818397397b319f2234b3"
  name = "github.com/libp2p/go-libp2p-interface-connmgr"
  packages = ["."]
  pruneopts = "UT"
  revision = "201197111979ad70393a51d80cb12c5dfcee9d01"

[[projects]]
  digest = "1:93cbab56295fc04e3e050b9221214d95734132fb76c68bd64f041e203998252d"
  name = "github.com/libp2p/go-libp2p-interface-pnet"
  packages = ["."]
  pruneopts = "UT"
  revision = "adc9472a14d21a9da75b21a8fba6b97f18ec545e"

[[projects]]
  digest = "1:9ac1da4655da854391097d1f807191c47480a035eec030e3b4205a8dfd98e26a"
  name = "github.com/libp2p/go-libp2p-kad-dht"
  packages = [
    ".",
    "pb",
    "providers",
  ]
  pruneopts = "UT"
  revision = "911433bc89860f0286b5d61d993bb8ccaec000d4"

[[projects]]
  digest = "1:8ec1dcb6ff31c4b63aa98041429466757d6b2dfd7c2cc03da39753ecb4b49f50"
  name = "github.com/libp2p/go-libp2p-kbucket"
  packages = [
    ".",
    "keyspace",
  ]
  pruneopts = "UT"
  revision = "bd4b5b3d001cfb0a6aaf67c5c04c52b132078481"
  version = "v2.2.5"

[[projects]]
  digest = "1:0adb0e02c23a86b398f70ab1cce06323009a4cbbcf282af630d15681bcac0e90"
  name = "github.com/libp2p/go-libp2p-loggables"
  packages = ["."]
  pruneopts = "UT"
  revision = "58a5d94871458043fc0797727b24fc77a94f203b"
  version = "v1.1.20"

[[projects]]
  digest = "1:853768bb27c84e0be3a1a30b53c6d7e2f64ad10a556a37b32ff1a3868bd191bd"
  name = "github.com/libp2p/go-libp2p-metrics"
  packages = [
    ".",
    "conn",
    "stream",
  ]
  pruneopts = "UT"
  revision = "a3a76fa99809135a2421982ff2958a544aa517ee"

[[projects]]
  digest = "1:b2a3f926fea33b868c11a841e4a2d6069e08075d8e1dee95fa231b64ff6cc405"
  name = "github.com/libp2p/go-libp2p-nat"
  packages = ["."]
  pruneopts = "UT"
  revision = "491e7233bd3877ec8dafbab465cf5ac70e32fced"
  version = "v0.8.6"

[[projects]]
  digest = "1:9eeb02c4f3a15a69f1417a806ca915f8ff295d139527df158979fcc955d989bd"
  name = "github.com/libp2p/go-libp2p-net"
  packages = ["."]
  pruneopts = "UT"
  revision = "64c31f18a9753193909544f1a606148894cbe878"

[[projects]]
  digest = "1:faed0e3a9941497670ec5b82bc96abd9458c20bb2ddbb6ec88d6bd3fd9307001"
  name = "github.com/libp2p/go-libp2p-peer"
  packages = [
    ".",
    "peerset",
  ]
  pruneopts = "UT"
  revision = "296ae64e3db4af20e64270faa18e28797643480e"

[[projects]]
  digest = "1:9c0d9e1b139e412d52c018e9e6eb4bb8cc0c2c677dd506396ac47c7994736f9c"
  name = "github.com/libp2p/go-libp2p-peerstore"
  packages = [
    ".",
    "addr",
    "queue",
  ]
  pruneopts = "UT"
  revision = "2c122745dcc9c03c80b0203ce89c445ace6aa596"

[[projects]]
  digest = "1:99c29233479cb14a63c7cb6b49927a60ae9d6b4b36d74deb12cc45ce503ddeb5"
  name = "github.com/libp2p/go-libp2p-protocol"
  packages = ["."]
  pruneopts = "UT"
  revision = "e34f0d7468b3519bf9bf4e43c1d028ce651eab51"
  version = "v1.0.0"

[[projects]]
  digest = "1:d4ad2a46e7654703b18df2be7e8dd4ce792dfc692579005fe6348afe7c61e3ff"
  name = "github.com/libp2p/go-libp2p-record"
  packages = [
    ".",
    "pb",
  ]
  pruneopts = "UT"
  revision = "6774ecef51dde72303f21f45aa4bf72a3aed18d1"

[[projects]]
  digest = "1:f44aead2482d7dc73bcfc4f91c77184bcc71ee2873a842ff0979c177b5f8dcda"
  name = "github.com/libp2p/go-libp2p-routing"
  packages = [
    ".",
    "notifications",
  ]
  pruneopts = "UT"
  revision = "559f55cc93672421b61e89e2c19d35e5bed761e9"

[[projects]]
  digest = "1:c97741e32b03c4e59f3d1f63ec97aff008dae2fdfd10f49f6755e7010f72154d"
  name = "github.com/libp2p/go-libp2p-secio"
  packages = [
    ".",
    "pb",
  ]
  pruneopts = "UT"
  revision = "437de218ca1fc65dfbf7b2b084519665bbaf7781"

[[projects]]
  digest = "1:7a79473b50d7689375208af9155b509418d0afde7928eb5067404d06b9cd2a9f"
  name = "github.com/libp2p/go-libp2p-swarm"
  packages = ["."]
  pruneopts = "UT"
  revision = "881b974a81faf652c196bda4331300683f18b539"

[[projects]]
  digest = "1:637af2a0cec9d55ec3092354e447c43f258b9879a95ead518e15ff348f69f5df"
  name = "github.com/libp2p/go-libp2p-transport"
  packages = ["."]
  pruneopts = "UT"
  revision = "7f67e6aa68aa4b679c21179d32ab08d77a149cef"

[[projects]]
  digest = "1:5cd9cd7427d07a96e475603bcae6206ff85ecefde1f71c023694342a4bede3e5"
  name = "github.com/libp2p/go-maddr-filter"
  packages = ["."]
  pruneopts = "UT"
  revision = "57fd7e2ed649ba28b4f2c7bcab3a606e7cc4b12c"
  version = "v1.1.9"

[[projects]]
  digest = "1:84f1f9a5b879641c8860e10fa33af5ea753753395f5dd9aff4bd6a1cf64bbd42"
  name = "github.com/libp2p/go-msgio"
  packages = [
    ".",
    "mpool",
  ]
  pruneopts = "UT"
  revision = "fa984f54d57f20970aac9309a89a7ea40821f67c"
  version = "v0.0.3"

[[projects]]
  digest = "1:a870285cde3c36d13b8052da6ac37cc63df199f91406fd5cfccf2057ab29a65c"
  name = "github.com/libp2p/go-peerstream"
  packages = ["."]
  pruneopts = "UT"
  revision = "77fa166a3556a6d240af1d2e244223e547bac850"
  version = "v2.1.5"

[[projects]]
  digest = "1:f3f2b82cd09f0c9f000091d1ddfeef82a4c3f147ebd415c3fb4ac234f6e9da09"
  name = "github.com/libp2p/go-reuseport"
  packages = [
    ".",
    "poll",
    "singlepoll",
  ]
  pruneopts = "UT"
  revision = "562c3ba3003e80c9829992a6c1a760d51eb0792b"
  version = "v0.1.17"

[[projects]]
  digest = "1:96eca00555fddc36f6d1dc6d5d47435005bf8a950e700afcd76508bde723bc0e"
  name = "github.com/libp2p/go-sockaddr"
  packages = ["net"]
  pruneopts = "UT"
  revision = "5c3ac7e71ec1941a0c2ed4271535d9427feb829c"
  version = "v1.0.3"

[[projects]]
  digest = "1:6dab34eae15e82d15c17cedabb7d641b62731cc5c7a3ed233dba226f8e5cb688"
  name = "github.com/libp2p/go-stream-muxer"
  packages = ["."]
  pruneopts = "UT"
  revision = "2ba231669cdd8d310277307dec6ced95a190c495"
  version = "v3.0.1"

[[projects]]
  digest = "1:28cd3e6d2e25c91324e778b4f51463d6a01e3015cf8287f9112af3525845daa4"
  name = "github.com/libp2p/go-tcp-transport"
  packages = ["."]
  pruneopts = "UT"
  revision = "578cd65fcec1d08d226d1b186e4548065e6bd65c"

[[projects]]
  digest = "1:3169173458155a48500eb82dc1e4ea087b54169b58d869e8f8a6c4370ca10aee"
  name = "github.com/libp2p/go-ws-transport"
  packages = ["."]
  pruneopts = "UT"
  revision = "0cf90461ccc19765a5afafa9c2f58291471f1f09"

[[projects]]
  digest = "1:53e8c5c79716437e601696140e8b1801aae4204f4ec54a504333702a49572c4f"
  name = "github.com/magiconair/properties"
  packages = [
    ".",
    "assert",
  ]
  pruneopts = "UT"
  revision = "c2353362d570a7bfa228149c62842019201cfb71"
  version = "v1.8.0"

[[projects]]
  digest = "1:c658e84ad3916da105a761660dcaeb01e63416c8ec7bc62256a9b411a05fcd67"
  name = "github.com/mattn/go-colorable"
  packages = ["."]
  pruneopts = "UT"
  revision = "167de6bfdfba052fa6b2d3664c8f5272e23c9072"
  version = "v0.0.9"

[[projects]]
  digest = "1:d4d17353dbd05cb52a2a52b7fe1771883b682806f68db442b436294926bbfafb"
  name = "github.com/mattn/go-isatty"
  packages = ["."]
  pruneopts = "UT"
  revision = "0360b2af4f38e8d38c7fce2a9f4e702702d73a39"
  version = "v0.0.3"

[[projects]]
  branch = "master"
  digest = "1:130cefe87d7eeefc824978dcb78e35672d4c49a11f25c153fbf0cfd952756fa3"
  name = "github.com/minio/blake2b-simd"
  packages = ["."]
  pruneopts = "UT"
  revision = "3f5f724cb5b182a5c278d6d3d55b40e7f8c2efb4"

[[projects]]
  branch = "master"
  digest = "1:17e048d1af8833670439d1ad0c92305fc1ad503e5d03f37ee667c0074df0fd03"
  name = "github.com/minio/sha256-simd"
  packages = ["."]
  pruneopts = "UT"
  revision = "ad98a36ba0da87206e3378c556abbfeaeaa98668"

[[projects]]
  branch = "master"
  digest = "1:c7354463195544b1ab3c1f1fadb41430947f5d28dfbf2cdbd38268c5717a5a03"
  name = "github.com/mitchellh/go-homedir"
  packages = ["."]
  pruneopts = "UT"
  revision = "58046073cbffe2f25d425fe1331102f55cf719de"

[[projects]]
  branch = "master"
  digest = "1:5ab79470a1d0fb19b041a624415612f8236b3c06070161a910562f2b2d064355"
  name = "github.com/mitchellh/mapstructure"
  packages = ["."]
  pruneopts = "UT"
  revision = "f15292f7a699fcc1a38a80977f80a046874ba8ac"

[[projects]]
  branch = "master"
  digest = "1:b9b9f43a8a410d633e6547f89e830926741070941f2243d4d3a0bb154f565c9e"
  name = "github.com/mr-tron/base58"
  packages = ["base58"]
  pruneopts = "UT"
  revision = "f84df45a6b88974a98d1473e9f0de0eac859a3d9"

[[projects]]
  digest = "1:2ff306858b7a2001408fea7bb0827fe0763af739cd9b3bea81cd76c045f475ad"
  name = "github.com/multiformats/go-multiaddr"
  packages = ["."]
  pruneopts = "UT"
  revision = "123a717755e0559ec8fda308019cd24e0a37bb07"

[[projects]]
  digest = "1:9e16e563683c19c16f387d1ab262bc664b4ba193d2af3ecaa1c08b5c0302ae27"
  name = "github.com/multiformats/go-multiaddr-dns"
  packages = ["."]
  pruneopts = "UT"
  revision = "b431cd0a670beb991d0d0dc3defd2b89125aa34e"

[[projects]]
  digest = "1:1b47d0086d975ae6358efa431846ab0521f3c6146331053c7cdbe60b86e26328"
  name = "github.com/multiformats/go-multiaddr-net"
  packages = ["."]
  pruneopts = "UT"
  revision = "6040dff26de27e20b248b08041fdb65e6ba45b58"

[[projects]]
  digest = "1:10e61e8194b43fffdfcb5e3018a66db48c5ee2c48bea74585c14fa21fe08d607"
  name = "github.com/multiformats/go-multibase"
  packages = ["."]
  pruneopts = "UT"
  revision = "dfd5076869faca5aed2886dcba60b44a0d0e9c01"

[[projects]]
  digest = "1:271c58e956f1d7a335fafec237431635ea3af85fa921f74099dc1711f5f4aee5"
  name = "github.com/multiformats/go-multicodec-packed"
  packages = ["."]
  pruneopts = "UT"
  revision = "9004b413b478e5a878e4a879358cce02e5df4995"

[[projects]]
  digest = "1:99e7b017b5558f92c79fb84b7cce5b321a033765103d70f34e879e17d192f83c"
  name = "github.com/multiformats/go-multihash"
  packages = ["."]
  pruneopts = "UT"
  revision = "468a1b73e980e5aff011d308623e43e28c582b16"

[[projects]]
  digest = "1:242621f3856dd6d561820540405543c2633a6a7ad268531d73635bd6e587fd24"
  name = "github.com/multiformats/go-multistream"
  packages = ["."]
  pruneopts = "UT"
  revision = "1bc5dd803d20cf91d8ec905ac3580e3ea3c8c995"

[[projects]]
  digest = "1:1919e36a53e2297eca9d3516ca358dec92257fe0de3361351e09400c91d65d5e"
  name = "github.com/oleiade/reflections"
  packages = ["."]
  pruneopts = "UT"
  revision = "2b6ec3da648e3e834dc41bad8d9ed7f2dc6a9496"
  version = "v1.0.0"

[[projects]]
  digest = "1:450b7623b185031f3a456801155c8320209f75d0d4c4e633c6b1e59d44d6e392"
  name = "github.com/opentracing/opentracing-go"
  packages = [
    ".",
    "ext",
    "log",
  ]
  pruneopts = "UT"
  revision = "1949ddbfd147afd4d964a9f00b24eb291e0e7c38"
  version = "v1.0.2"

[[projects]]
  branch = "master"
  digest = "1:c678fc5e480693538ca4318aedaa4bd3e6685db9ad9b012fadb6655c112777a7"
  name = "github.com/paralin/go-libp2p-grpc"
  packages = ["."]
  pruneopts = "UT"
  revision = "3d5d33466aef613c8ed7992fe35987b34245424e"

[[projects]]
  digest = "1:361de06aa7ae272616cbe71c3994a654cc6316324e30998e650f7765b20c5b33"
  name = "github.com/pborman/uuid"
  packages = ["."]
  pruneopts = "UT"
  revision = "e790cca94e6cc75c7064b1332e63811d4aae1a53"
  version = "v1.1"

[[projects]]
  digest = "1:95741de3af260a92cc5c7f3f3061e85273f5a81b5db20d4bd68da74bd521675e"
  name = "github.com/pelletier/go-toml"
  packages = ["."]
  pruneopts = "UT"
  revision = "c01d1270ff3e442a8a57cddc1c92dc1138598194"
  version = "v1.2.0"

[[projects]]
  digest = "1:40e195917a951a8bf867cd05de2a46aaf1806c50cf92eebf4c16f78cd196f747"
  name = "github.com/pkg/errors"
  packages = ["."]
  pruneopts = "UT"
  revision = "645ef00459ed84a119197bfb8d8205042c6df63d"
  version = "v0.8.0"

[[projects]]
  digest = "1:0028cb19b2e4c3112225cd871870f2d9cf49b9b4276531f03438a88e94be86fe"
  name = "github.com/pmezard/go-difflib"
  packages = ["difflib"]
  pruneopts = "UT"
  revision = "792786c7400a136282c1664665ae0a8db921c6c2"
  version = "v1.0.0"

[[projects]]
  digest = "1:ba51b2c7d37f3741fcf6319ea843e88ee6a032412858de0d89a229f1725b279d"
  name = "github.com/rjeczalik/notify"
  packages = ["."]
  pruneopts = "UT"
  revision = "52ae50d8490436622a8941bd70c3dbe0acdd4bbf"
  version = "v0.9.0"

[[projects]]
  branch = "master"
  digest = "1:76a7183bfa4b83626f304d1c6eff54184fd8f6b15eba6975d6c7ef53da5ccdda"
  name = "github.com/roboll/go-vendorinstall"
  packages = ["."]
  pruneopts = "UT"
  revision = "db569a48fcad74a73623ccf43daafe394a96ef35"

[[projects]]
  digest = "1:0b8dd7447e420afff0260179dc892711e837edd1d446bc78dab924624a3c3c81"
  name = "github.com/rs/cors"
  packages = ["."]
  pruneopts = "UT"
  revision = "3fb1b69b103a84de38a19c3c6ec073dd6caa4d3f"
  version = "v1.5.0"

[[projects]]
  digest = "1:ff6b0586c0621a76832cf783eee58cbb9d9795d2ce8acbc199a4131db11c42a9"
  name = "github.com/satori/go.uuid"
  packages = ["."]
  pruneopts = "UT"
  revision = "36e9d2ebbde5e3f13ab2e25625fd453271d6522e"

[[projects]]
  digest = "1:919bb3aa6d9d0b67648c219fa4925312bc3c2872da19e818fa769e9c97a2b643"
  name = "github.com/spaolacci/murmur3"
  packages = ["."]
  pruneopts = "UT"
  revision = "9f5d223c60793748f04a9d5b4b4eacddfc1f755d"
  version = "v1.1"

[[projects]]
  digest = "1:bd1ae00087d17c5a748660b8e89e1043e1e5479d0fea743352cda2f8dd8c4f84"
  name = "github.com/spf13/afero"
  packages = [
    ".",
    "mem",
  ]
  pruneopts = "UT"
  revision = "787d034dfe70e44075ccc060d346146ef53270ad"
  version = "v1.1.1"

[[projects]]
  digest = "1:516e71bed754268937f57d4ecb190e01958452336fa73dbac880894164e91c1f"
  name = "github.com/spf13/cast"
  packages = ["."]
  pruneopts = "UT"
  revision = "8965335b8c7107321228e3e3702cab9832751bac"
  version = "v1.2.0"

[[projects]]
  digest = "1:645cabccbb4fa8aab25a956cbcbdf6a6845ca736b2c64e197ca7cbb9d210b939"
  name = "github.com/spf13/cobra"
  packages = ["."]
  pruneopts = "UT"
  revision = "ef82de70bb3f60c65fb8eebacbb2d122ef517385"
  version = "v0.0.3"

[[projects]]
  branch = "master"
  digest = "1:8a020f916b23ff574845789daee6818daf8d25a4852419aae3f0b12378ba432a"
  name = "github.com/spf13/jwalterweatherman"
  packages = ["."]
  pruneopts = "UT"
  revision = "14d3d4c518341bea657dd8a226f5121c0ff8c9f2"

[[projects]]
  digest = "1:dab83a1bbc7ad3d7a6ba1a1cc1760f25ac38cdf7d96a5cdd55cd915a4f5ceaf9"
  name = "github.com/spf13/pflag"
  packages = ["."]
  pruneopts = "UT"
  revision = "9a97c102cda95a86cec2345a6f09f55a939babf5"
  version = "v1.0.2"

[[projects]]
  digest = "1:4fc8a61287ccfb4286e1ca5ad2ce3b0b301d746053bf44ac38cf34e40ae10372"
  name = "github.com/spf13/viper"
  packages = ["."]
  pruneopts = "UT"
  revision = "907c19d40d9a6c9bb55f040ff4ae45271a4754b9"
  version = "v1.1.0"

[[projects]]
  digest = "1:ac83cf90d08b63ad5f7e020ef480d319ae890c208f8524622a2f3136e2686b02"
  name = "github.com/stretchr/objx"
  packages = ["."]
  pruneopts = "UT"
  revision = "477a77ecc69700c7cdeb1fa9e129548e1c1c393c"
  version = "v0.1.1"

[[projects]]
  digest = "1:15a4a7e5afac3cea801fa24831fce3bf3b5bd3620cbf8355a07b7dbf06877883"
  name = "github.com/stretchr/testify"
  packages = [
    "assert",
    "mock",
  ]
  pruneopts = "UT"
  revision = "f35b8ab0b5a2cef36673838d662e249dd9c94686"
  version = "v1.2.2"

[[projects]]
  branch = "master"
  digest = "1:f2ffd421680b0a3f7887501b3c6974bcf19217ecd301d0e2c9b681940ec363d5"
  name = "github.com/syndtr/goleveldb"
  packages = [
    "leveldb",
    "leveldb/cache",
    "leveldb/comparer",
    "leveldb/errors",
    "leveldb/filter",
    "leveldb/iterator",
    "leveldb/journal",
    "leveldb/memdb",
    "leveldb/opt",
    "leveldb/storage",
    "leveldb/table",
    "leveldb/util",
  ]
  pruneopts = "UT"
  revision = "ae2bd5eed72d46b28834ec3f60db3a3ebedd8dbd"

[[projects]]
  branch = "master"
  digest = "1:98fa13beefbf581ec173561adad6374c460631593b4bdcf03adc29cd18e5d2f5"
  name = "github.com/whyrusleeping/base32"
  packages = ["."]
  pruneopts = "UT"
  revision = "c30ac30633ccdabefe87eb12465113f06f1bab75"

[[projects]]
  branch = "master"
  digest = "1:b33eed6794f2b2d1a7d0b45cb705402f26af0f0ad6521667e144ffa71f52d9d9"
  name = "github.com/whyrusleeping/go-keyspace"
  packages = ["."]
  pruneopts = "UT"
  revision = "5b898ac5add1da7178a4a98e69cb7b9205c085ee"

[[projects]]
  branch = "master"
  digest = "1:0102dfa2f98777db8ff68c920bef1be3ff8504e90485b6cdd24d61b981b487b6"
  name = "github.com/whyrusleeping/go-logging"
  packages = ["."]
  pruneopts = "UT"
  revision = "0457bb6b88fc1973573aaf6b5145d8d3ae972390"

[[projects]]
  branch = "master"
  digest = "1:94796f9decedb46b17985693cbe996ce3642a991f0efcf7bf9a6c5197da3eefc"
  name = "github.com/whyrusleeping/go-notifier"
  packages = ["."]
  pruneopts = "UT"
  revision = "097c5d47330ff6a823f67e3515faa13566a62c6f"

[[projects]]
  branch = "master"
  digest = "1:12d64a892e0dedd762afb848165bbb1216cc90f3ee6be0cdc1bc7a2bc292445b"
  name = "github.com/whyrusleeping/go-smux-multistream"
  packages = ["."]
  pruneopts = "UT"
  revision = "c707bf3c25fa380b20b54907790efde288775938"

[[projects]]
  branch = "master"
  digest = "1:51ef0541b142be1411def76e572bef288c2271949eb2e677491908a83715e40f"
  name = "github.com/whyrusleeping/go-smux-spdystream"
  packages = ["."]
  pruneopts = "UT"
  revision = "a6182ff2a058b177f3dc7513fe198e6002f7be78"

[[projects]]
  branch = "master"
  digest = "1:6cf91ec171d1145ef67f376f6604b3087c220ca8daec8eb4a06c4d0cf85bb287"
  name = "github.com/whyrusleeping/go-smux-yamux"
  packages = ["."]
  pruneopts = "UT"
  revision = "eac25f3e2d47aae211e457e7664b52634c95eea8"

[[projects]]
  branch = "master"
  digest = "1:2d95e961c6b817149bf784b8a99788138bd929728e1c8235e82a4b09987b9e3f"
  name = "github.com/whyrusleeping/mafmt"
  packages = ["."]
  pruneopts = "UT"
  revision = "1dc32401ee9fdd3f6cdb3405ec984d5dae877b2a"

[[projects]]
  branch = "master"
  digest = "1:94b933c1b26f1da25d25a089937d15987170a0a54109aa521a111345c3e84581"
  name = "github.com/whyrusleeping/multiaddr-filter"
  packages = ["."]
  pruneopts = "UT"
  revision = "e903e4adabd70b78bc9293b6ee4f359afb3f9f59"

[[projects]]
  branch = "master"
  digest = "1:10169680429f9048339c043cafaba9a8210da38e2333fc3e7bae75acbcc77abd"
  name = "github.com/whyrusleeping/yamux"
  packages = ["."]
  pruneopts = "UT"
  revision = "cb29a700b01dc3c2fdd743c00cf54685056bb62a"

[[projects]]
  branch = "master"
  digest = "1:80618f2ab482af3de624ba3573fae22ec3dfbe9949c8784a42a019f7597dfd20"
  name = "github.com/xsleonard/go-merkle"
  packages = ["."]
  pruneopts = "UT"
  revision = "c71c7cc334c839f31f3760b2385eab8381daf64e"

[[projects]]
  branch = "master"
  digest = "1:b5a8fada1cb985bd2b823735e9ec922c4ecd7252880cbea5921d0a9343be648e"
  name = "golang.org/x/crypto"
  packages = [
    "blake2s",
    "blowfish",
    "ed25519",
    "ed25519/internal/edwards25519",
    "pbkdf2",
    "scrypt",
    "sha3",
  ]
  pruneopts = "UT"
  revision = "aabede6cba87e37f413b3e60ebfc214f8eeca1b0"

[[projects]]
  branch = "master"
  digest = "1:d3ec973d61cc168a464181fc13778a928695d5ad136cf6fe9e8f33b24f8fd1de"
  name = "golang.org/x/net"
  packages = [
    "context",
    "html",
    "html/atom",
    "html/charset",
    "http/httpguts",
    "http2",
    "http2/hpack",
    "idna",
    "internal/timeseries",
    "publicsuffix",
    "trace",
    "websocket",
  ]
  pruneopts = "UT"
  revision = "aaf60122140d3fcf75376d319f0554393160eb50"

[[projects]]
  branch = "master"
  digest = "1:4553db1a37356272494df0bd32ceba56f0183a17c136e696e25515392434bbfe"
  name = "golang.org/x/sys"
  packages = [
    "cpu",
    "unix",
    "windows",
  ]
  pruneopts = "UT"
  revision = "1c9583448a9c3aa0f9a6a5241bf73c0bd8aafded"

[[projects]]
  digest = "1:436b24586f8fee329e0dd65fd67c817681420cda1d7f934345c13fe78c212a73"
  name = "golang.org/x/text"
  packages = [
    "collate",
    "collate/build",
    "encoding",
    "encoding/charmap",
    "encoding/htmlindex",
    "encoding/internal",
    "encoding/internal/identifier",
    "encoding/japanese",
    "encoding/korean",
    "encoding/simplifiedchinese",
    "encoding/traditionalchinese",
    "encoding/unicode",
    "internal/colltab",
    "internal/gen",
    "internal/tag",
    "internal/triegen",
    "internal/ucd",
    "internal/utf8internal",
    "language",
    "runes",
    "secure/bidirule",
    "transform",
    "unicode/bidi",
    "unicode/cldr",
    "unicode/norm",
    "unicode/rangetable",
  ]
  pruneopts = "UT"
  revision = "f21a4dfb5e38f5895301dc265a8def02365cc3d0"
  version = "v0.3.0"

[[projects]]
  branch = "master"
  digest = "1:a05bd2d296bc727082abcb63ff52615b4dcc6219d8b61e99fd83d605dc779a18"
  name = "golang.org/x/tools"
  packages = [
    "go/ast/astutil",
    "imports",
    "internal/fastwalk",
  ]
  pruneopts = "UT"
  revision = "1dfe8478fdec02e49c998048ab9f761d64949349"

[[projects]]
  branch = "master"
  digest = "1:edfc7a0bed09f4d7af304129d96d563a53bcc9d8ebc8cd5443b845fda30f170b"
  name = "google.golang.org/genproto"
  packages = [
    "googleapis/api/annotations",
    "googleapis/rpc/status",
  ]
  pruneopts = "UT"
  revision = "d0a8f471bba2dbb160885b0000d814ee5d559bad"

[[projects]]
  digest = "1:3dd7996ce6bf52dec6a2f69fa43e7c4cefea1d4dfa3c8ab7a5f8a9f7434e239d"
  name = "google.golang.org/grpc"
  packages = [
    ".",
    "balancer",
    "balancer/base",
    "balancer/roundrobin",
    "codes",
    "connectivity",
    "credentials",
    "encoding",
    "encoding/proto",
    "grpclog",
    "internal",
    "internal/backoff",
    "internal/channelz",
    "internal/envconfig",
    "internal/grpcrand",
    "internal/transport",
    "keepalive",
    "metadata",
    "naming",
    "peer",
    "resolver",
    "resolver/dns",
    "resolver/passthrough",
    "stats",
    "status",
    "tap",
  ]
  pruneopts = "UT"
  revision = "32fb0ac620c32ba40a4626ddf94d90d12cce3455"
  version = "v1.14.0"

[[projects]]
  branch = "v2"
  digest = "1:0a2f4b974a413866afa1b41130d756643841fb9ad661b81c9a6dd9f1364ed19f"
  name = "gopkg.in/karalabe/cookiejar.v2"
  packages = ["collections/prque"]
  pruneopts = "UT"
  revision = "8dcd6a7f4951f6ff3ee9cbb919a06d8925822e57"

[[projects]]
  branch = "v2"
  digest = "1:3d3f9391ab615be8655ae0d686a1564f3fec413979bb1aaf018bac1ec1bb1cc7"
  name = "gopkg.in/natefinch/npipe.v2"
  packages = ["."]
  pruneopts = "UT"
  revision = "c1b8fa8bdccecb0b8db834ee0b92fdbcfa606dd6"

[[projects]]
  digest = "1:cf9c32df6fe209f9b5db1aa91c6e4084d3867baa9063803df07c5b80a37f1f90"
  name = "gopkg.in/resty.v1"
  packages = ["."]
  pruneopts = "UT"
  revision = "97a15579492cd5f35632499f315d7a8df94160a1"
  version = "v1.8.0"

[[projects]]
  digest = "1:342378ac4dcb378a5448dd723f0784ae519383532f5e70ade24132c4c8693202"
  name = "gopkg.in/yaml.v2"
  packages = ["."]
  pruneopts = "UT"
  revision = "5420a8b6744d3b0345ab293f6fcba19c978f1183"
  version = "v2.2.1"

[solve-meta]
  analyzer-name = "dep"
  analyzer-version = 1
  input-imports = [
    "github.com/CentrifugeInc/centrifuge-protobufs/documenttypes",
    "github.com/CentrifugeInc/centrifuge-protobufs/gen/go/coredocument",
    "github.com/CentrifugeInc/centrifuge-protobufs/gen/go/errors",
    "github.com/CentrifugeInc/centrifuge-protobufs/gen/go/invoice",
    "github.com/CentrifugeInc/centrifuge-protobufs/gen/go/notification",
    "github.com/CentrifugeInc/centrifuge-protobufs/gen/go/p2p",
    "github.com/CentrifugeInc/centrifuge-protobufs/gen/go/purchaseorder",
    "github.com/Masterminds/semver",
    "github.com/centrifuge/precise-proofs/proofs",
    "github.com/centrifuge/precise-proofs/proofs/proto",
    "github.com/ethereum/go-ethereum",
    "github.com/ethereum/go-ethereum/accounts/abi",
    "github.com/ethereum/go-ethereum/accounts/abi/bind",
    "github.com/ethereum/go-ethereum/common",
    "github.com/ethereum/go-ethereum/core/types",
    "github.com/ethereum/go-ethereum/ethclient",
    "github.com/ethereum/go-ethereum/event",
    "github.com/ethereum/go-ethereum/rpc",
    "github.com/go-errors/errors",
    "github.com/golang/protobuf/jsonpb",
    "github.com/golang/protobuf/proto",
    "github.com/golang/protobuf/protoc-gen-go",
    "github.com/golang/protobuf/ptypes",
    "github.com/golang/protobuf/ptypes/any",
    "github.com/golang/protobuf/ptypes/empty",
    "github.com/grpc-ecosystem/grpc-gateway/protoc-gen-grpc-gateway",
    "github.com/grpc-ecosystem/grpc-gateway/protoc-gen-swagger/options",
    "github.com/grpc-ecosystem/grpc-gateway/runtime",
    "github.com/grpc-ecosystem/grpc-gateway/utilities",
    "github.com/ipfs/go-cid",
    "github.com/ipfs/go-datastore",
    "github.com/ipfs/go-ipfs-addr",
    "github.com/ipfs/go-log",
    "github.com/libp2p/go-libp2p-crypto",
    "github.com/libp2p/go-libp2p-host",
    "github.com/libp2p/go-libp2p-kad-dht",
    "github.com/libp2p/go-libp2p-peer",
    "github.com/libp2p/go-libp2p-peerstore",
    "github.com/libp2p/go-libp2p-swarm",
    "github.com/libp2p/go-libp2p/p2p/host/basic",
    "github.com/magiconair/properties/assert",
    "github.com/mitchellh/go-homedir",
    "github.com/multiformats/go-multiaddr",
    "github.com/multiformats/go-multihash",
    "github.com/paralin/go-libp2p-grpc",
    "github.com/roboll/go-vendorinstall",
    "github.com/spf13/cobra",
    "github.com/spf13/viper",
    "github.com/stretchr/testify/assert",
    "github.com/stretchr/testify/mock",
    "github.com/syndtr/goleveldb/leveldb",
    "github.com/whyrusleeping/go-logging",
    "github.com/whyrusleeping/go-smux-multistream",
    "github.com/whyrusleeping/go-smux-yamux",
    "golang.org/x/crypto/ed25519",
    "golang.org/x/net/context",
    "google.golang.org/genproto/googleapis/api/annotations",
    "google.golang.org/grpc",
    "google.golang.org/grpc/codes",
    "google.golang.org/grpc/connectivity",
    "google.golang.org/grpc/credentials",
    "google.golang.org/grpc/grpclog",
    "google.golang.org/grpc/status",
    "gopkg.in/resty.v1",
  ]
  solver-name = "gps-cdcl"
  solver-version = 1
