# This file is autogenerated, do not edit; changes may be undone by the next 'dep ensure'.


[[projects]]
  digest = "1:55388fd080150b9a072912f97b1f5891eb0b50df43401f8b75fb4273d3fec9fc"
  name = "github.com/Masterminds/semver"
  packages = ["."]
  pruneopts = "UT"
  revision = "c7af12943936e8c39859482e61f0574c2fd7fc75"
  version = "v1.4.2"

[[projects]]
  branch = "master"
  digest = "1:4cf11742b199ab3aacf26b00187e72f7ff8ba2145f363b74f295d54f098f79e4"
  name = "github.com/agl/ed25519"
  packages = [
    ".",
    "edwards25519",
    "extra25519",
  ]
  pruneopts = "UT"
  revision = "5312a61534124124185d41f09206b9fef1d88403"

[[projects]]
  digest = "1:1156cfea0ff969858f6027df95c15ca5e802556b466aebeedaf53dde3b301db3"
  name = "github.com/allegro/bigcache"
  packages = [
    ".",
    "queue",
  ]
  pruneopts = "UT"
  revision = "f31987a23e44c5121ef8c8b2f2ea2e8ffa37b068"
  version = "v1.1.0"

[[projects]]
  branch = "master"
  digest = "1:7d191fd0c54ff370eaf6116a14dafe2a328df487baea280699f597aae858d00d"
  name = "github.com/aristanetworks/goarista"
  packages = ["monotime"]
  pruneopts = "UT"
  revision = "ff33da284e760fcdb03c33d37a719e5ed30ba844"

[[projects]]
  branch = "master"
  digest = "1:2c00f064ba355903866cbfbf3f7f4c0fe64af6638cc7d1b8bdcf3181bc67f1d8"
  name = "github.com/btcsuite/btcd"
  packages = ["btcec"]
  pruneopts = "UT"
  revision = "cff30e1d23fc9e800b2b5b4b41ef1817dda07e9f"

[[projects]]
  digest = "1:8f8c3deed3c1e42a1fbe03b386408023f376f388297294b683125ae4bb90324a"
  name = "github.com/centrifuge/centrifuge-ethereum-contracts"
  packages = ["."]
  pruneopts = "T"
  revision = "d9a240d86d05350de86c26ed23d72b45562ae155"

[[projects]]
  digest = "1:d12e66a9500785cff8a8245bd8a138efff96ed3c1d0551b845cecdc25af57f90"
  name = "github.com/centrifuge/centrifuge-protobufs"
  packages = [
    "documenttypes",
    "gen/go/coredocument",
    "gen/go/errors",
    "gen/go/invoice",
    "gen/go/notification",
    "gen/go/p2p",
    "gen/go/purchaseorder",
  ]
  pruneopts = "T"
  revision = "34ce7eaff0b89ac4a34e60654d34297747e5a7b4"

[[projects]]
  digest = "1:c925cd40d25fe72f5916e010b79b5d9f6e0e97ec9b190fa658c6c67b913229ea"
  name = "github.com/centrifuge/gocelery"
  packages = ["."]
  pruneopts = "UT"
  revision = "80f35a18b9a0c632d7843e7e536873b0536f0040"

[[projects]]
  digest = "1:d065eb5f32b539d2935f0ec4f2f160b78c924306b923ce5eac6e7dfe46d07794"
  name = "github.com/centrifuge/precise-proofs"
  packages = [
    "proofs",
    "proofs/proto",
  ]
  pruneopts = "UT"
  revision = "8957bc48e1bd690a835c630fa6fdfd141c41f5dd"

[[projects]]
  digest = "1:0ef770954bca104ee99b3b6b7f9b240605ac03517d9f98cbc1893daa03f3c038"
  name = "github.com/coreos/go-semver"
  packages = ["semver"]
  pruneopts = "UT"
  revision = "8ab6407b697782a06568d4b7f1db25550ec2e4c6"
  version = "v0.2.0"

[[projects]]
  digest = "1:ffe9824d294da03b391f44e1ae8281281b4afc1bdaa9588c9097785e3af10cec"
  name = "github.com/davecgh/go-spew"
  packages = ["spew"]
  pruneopts = "UT"
  revision = "8991bc29aa16c548c550c7ff78260e27b9ab7c73"
  version = "v1.1.1"

[[projects]]
  digest = "1:c166378e8ab0f794f293dfb941d250dd70b035b05dec58879f717621d0fe1714"
  name = "github.com/deckarep/golang-set"
  packages = ["."]
  pruneopts = "UT"
  revision = "1d4478f51bed434f1dadf96dcd9b43aabac66795"
  version = "v1.7"

[[projects]]
  digest = "1:6aada383585d097e8ef3d06b74956eb1f22f49acb94ca0cb0672c1e767171a23"
  name = "github.com/ethereum/go-ethereum"
  packages = [
    ".",
    "accounts",
    "accounts/abi",
    "accounts/abi/bind",
    "accounts/keystore",
    "common",
    "common/hexutil",
    "common/math",
    "common/mclock",
    "common/prque",
    "core/types",
    "crypto",
    "crypto/secp256k1",
    "crypto/sha3",
    "ethclient",
    "ethdb",
    "event",
    "log",
    "metrics",
    "p2p/netutil",
    "params",
    "rlp",
    "rpc",
    "trie",
  ]
  pruneopts = "T"
  revision = "27e633ca943ee9f49614b9ea074667227402b571"
  source = "github.com/centrifuge/go-ethereum"

[[projects]]
  digest = "1:d1341a04a4443bba8c8af76ec6c3960206074490a1284b4853ff5a88a66c63b7"
  name = "github.com/fd/go-nat"
  packages = ["."]
  pruneopts = "UT"
  revision = "bad65a492f32121a87197f4a085905c35e2a367e"
  version = "v1.0.0"

[[projects]]
  digest = "1:abeb38ade3f32a92943e5be54f55ed6d6e3b6602761d74b4aab4c9dd45c18abd"
  name = "github.com/fsnotify/fsnotify"
  packages = ["."]
  pruneopts = "UT"
  revision = "c2828203cd70a50dcccfb2761f8b1f8ceef9a8e9"
  version = "v1.4.7"

[[projects]]
  digest = "1:2cd7915ab26ede7d95b8749e6b1f933f1c6d5398030684e6505940a10f31cfda"
  name = "github.com/ghodss/yaml"
  packages = ["."]
  pruneopts = "UT"
  revision = "0ca9ea5df5451ffdf184b4428c902747c2c11cd7"

[[projects]]
  digest = "1:aacef5f5e45685f2aeda5534d0a750dee6859de7e9088cdd06192787bb01ae6d"
  name = "github.com/go-errors/errors"
  packages = ["."]
  pruneopts = "UT"
  revision = "a6af135bd4e28680facf08a3d206b454abc877a4"
  version = "v1.0.1"

[[projects]]
  digest = "1:586ea76dbd0374d6fb649a91d70d652b7fe0ccffb8910a77468e7702e7901f3d"
  name = "github.com/go-stack/stack"
  packages = ["."]
  pruneopts = "UT"
  revision = "2fee6af1a9795aafbe0253a0cfbdf668e1fb8a9a"
  version = "v1.8.0"

[[projects]]
  digest = "1:2537bea8e6a4a90946bcd145cbdbd6f54d2dc263b3dee0ad96894e555a474f8b"
  name = "github.com/gogo/protobuf"
  packages = [
    "io",
    "proto",
  ]
  pruneopts = "UT"
  revision = "636bf0302bc95575d69441b25a2603156ffdddf1"
  version = "v1.1.1"

[[projects]]
  digest = "1:1ba1d79f2810270045c328ae5d674321db34e3aae468eb4233883b473c5c0467"
  name = "github.com/golang/glog"
  packages = ["."]
  pruneopts = "UT"
  revision = "23def4e6c14b4da8ac2ed8007337bc5eb5007998"

[[projects]]
  digest = "1:1c31dba75f840ef15223c1d792a2e67e76ccd76ddc528fa23ff19320dde05463"
  name = "github.com/golang/protobuf"
  packages = [
    "descriptor",
    "jsonpb",
    "proto",
    "protoc-gen-go",
    "protoc-gen-go/descriptor",
    "protoc-gen-go/generator",
    "protoc-gen-go/generator/internal/remap",
    "protoc-gen-go/grpc",
    "protoc-gen-go/plugin",
    "ptypes",
    "ptypes/any",
    "ptypes/duration",
    "ptypes/empty",
    "ptypes/struct",
    "ptypes/timestamp",
  ]
  pruneopts = "UT"
  revision = "aa810b61a9c79d51363740d207bb46cf8e620ed5"
  version = "v1.2.0"

[[projects]]
  branch = "master"
  digest = "1:4a0c6bb4805508a6287675fac876be2ac1182539ca8a32468d8128882e9d5009"
  name = "github.com/golang/snappy"
  packages = ["."]
  pruneopts = "UT"
  revision = "2e65f85255dbc3072edf28d6b5b8efc472979f5a"

[[projects]]
  digest = "1:38ec74012390146c45af1f92d46e5382b50531247929ff3a685d2b2be65155ac"
  name = "github.com/gomodule/redigo"
  packages = [
    "internal",
    "redis",
  ]
  pruneopts = "UT"
  revision = "9c11da706d9b7902c6da69c592f75637793fe121"
  version = "v2.0.0"

[[projects]]
  digest = "1:3a26588bc48b96825977c1b3df964f8fd842cd6860cc26370588d3563433cf11"
  name = "github.com/google/uuid"
  packages = ["."]
  pruneopts = "UT"
  revision = "d460ce9f8df2e77fb1ba55ca87fafed96c607494"
  version = "v1.0.0"

[[projects]]
  digest = "1:7b5c6e2eeaa9ae5907c391a91c132abfd5c9e8a784a341b5625e750c67e6825d"
  name = "github.com/gorilla/websocket"
  packages = ["."]
  pruneopts = "UT"
  revision = "66b9c49e59c6c48f0ffce28c2d8b8a5678502c6d"
  version = "v1.4.0"

[[projects]]
  digest = "1:fbce563e8f11fde364d451c7df043b88eb7776444cd7875a99e837e4aedd65cb"
  name = "github.com/grpc-ecosystem/grpc-gateway"
  packages = [
    "codegenerator",
    "protoc-gen-grpc-gateway",
    "protoc-gen-grpc-gateway/descriptor",
    "protoc-gen-grpc-gateway/generator",
    "protoc-gen-grpc-gateway/gengateway",
    "protoc-gen-grpc-gateway/httprule",
    "protoc-gen-swagger/options",
    "runtime",
    "runtime/internal",
    "utilities",
  ]
  pruneopts = "T"
  revision = "8558711daa6c2853489043207b563dceacbc19cf"
  version = "v1.5.0"

[[projects]]
  branch = "master"
  digest = "1:31e6ca5d3801cd74e569cb9597d5a0b06d862307ffb045e581b44fe4a316ea09"
  name = "github.com/gxed/GoEndian"
  packages = ["."]
  pruneopts = "UT"
  revision = "0f5c6873267e5abf306ffcdfcfa4bf77517ef4a7"

[[projects]]
  branch = "master"
  digest = "1:dc57a2580e33eae03691c9ede0b30cf1dc622ff471fc6a36388879ded5702d02"
  name = "github.com/gxed/eventfd"
  packages = ["."]
  pruneopts = "UT"
  revision = "80a92cca79a8041496ccc9dd773fcb52a57ec6f9"

[[projects]]
  branch = "master"
  digest = "1:e3ddd1f59d3c84917c99ecb1c3420aa6899f6df7495ba9414c13732b2e9568dd"
  name = "github.com/gxed/hashland"
  packages = ["keccakpg"]
  pruneopts = "UT"
  revision = "d9f6b97f8db22dd1e090fd0bbbe98f09cc7dd0a8"

[[projects]]
  digest = "1:0ade334594e69404d80d9d323445d2297ff8161637f9b2d347cc6973d2d6f05b"
  name = "github.com/hashicorp/errwrap"
  packages = ["."]
  pruneopts = "UT"
  revision = "8a6fb523712970c966eefc6b39ed2c5e74880354"
  version = "v1.0.0"

[[projects]]
  digest = "1:f668349b83f7d779567c880550534addeca7ebadfdcf44b0b9c39be61864b4b7"
  name = "github.com/hashicorp/go-multierror"
  packages = ["."]
  pruneopts = "T"
  revision = "886a7fbe3eb1c874d46f623bfa70af45f425b3d1"
  version = "v1.0.0"

[[projects]]
  digest = "1:8ec8d88c248041a6df5f6574b87bc00e7e0b493881dad2e7ef47b11dc69093b5"
  name = "github.com/hashicorp/golang-lru"
  packages = [
    ".",
    "simplelru",
  ]
  pruneopts = "UT"
  revision = "20f1fb78b0740ba8c3cb143a61e86ba5c8669768"
  version = "v0.5.0"

[[projects]]
  digest = "1:c0d19ab64b32ce9fe5cf4ddceba78d5bc9807f0016db6b1183599da3dcc24d10"
  name = "github.com/hashicorp/hcl"
  packages = [
    ".",
    "hcl/ast",
    "hcl/parser",
    "hcl/printer",
    "hcl/scanner",
    "hcl/strconv",
    "hcl/token",
    "json/parser",
    "json/scanner",
    "json/token",
  ]
  pruneopts = "UT"
  revision = "8cb6e5b959231cc1119e43259c4a608f9c51a241"
  version = "v1.0.0"

[[projects]]
  branch = "master"
  digest = "1:3f5e7a4329f76e2617bf094eb5eec2ec2eff590d145c0beb32bac699628dea7d"
  name = "github.com/huin/goupnp"
  packages = [
    ".",
    "dcps/internetgateway1",
    "dcps/internetgateway2",
    "httpu",
    "scpd",
    "soap",
    "ssdp",
  ]
  pruneopts = "UT"
  revision = "1395d1447324cbea88d249fbfcfd70ea878fdfca"

[[projects]]
  digest = "1:870d441fe217b8e689d7949fef6e43efbc787e50f200cb1e70dbca9204a1d6be"
  name = "github.com/inconshreveable/mousetrap"
  packages = ["."]
  pruneopts = "UT"
  revision = "76626ae9c91c4f2a10f34cad8ce83ea42c93bb75"
  version = "v1.0"

[[projects]]
  digest = "1:c6276054735b6423adbb7b92dcabd7a2317c565632db8ce2be96def465255b52"
  name = "github.com/ipfs/go-cid"
  packages = ["."]
  pruneopts = "UT"
  revision = "5b04f3043387b02aeeee6a35899f0e767bae3b33"

[[projects]]
  digest = "1:c71ee3edf81f6b39601d627e56253404be7f37c5b8c18c425bba56547d27e13e"
  name = "github.com/ipfs/go-datastore"
  packages = [
    ".",
    "autobatch",
    "query",
    "sync",
  ]
  pruneopts = "UT"
  revision = "bd0caea1845f2ffebea4f3d20ec5b4b50a4c78c5"

[[projects]]
  digest = "1:fd4670cefa878dd4ab303720247f555a96b5db0c50416fd1e5063805f1713d26"
  name = "github.com/ipfs/go-ipfs-addr"
  packages = ["."]
  pruneopts = "UT"
  revision = "3e3c9a2c67215ff0c92e929b2e984c7a83f2374c"
  version = "v0.1.22"

[[projects]]
  digest = "1:aae82c244bd91107575a0244a29e82e34ba23e06b6892557e33728de48deba96"
  name = "github.com/ipfs/go-ipfs-util"
  packages = ["."]
  pruneopts = "UT"
  revision = "10d786c5ed859afd22223df76a89bf57b24b2ee1"
  version = "v1.2.8"

[[projects]]
  digest = "1:2a491fe250b1058b3aa1565e16858712021dc8462e2b94b4c58a6ea8ea53fc24"
  name = "github.com/ipfs/go-log"
  packages = [
    ".",
    "tracer",
    "tracer/wire",
    "writer",
  ]
  pruneopts = "UT"
  revision = "5dc2060baaf8db344f31dafd852340b93811d03f"
  version = "v1.5.3"

[[projects]]
  digest = "1:02f46892f567f7d4750ca585af9f1befecec9133fbd6e2eb329fb305d7f6489d"
  name = "github.com/ipfs/go-todocounter"
  packages = ["."]
  pruneopts = "UT"
  revision = "289b6e202fbecea527f25a32d76593ee2f12de4c"
  version = "v1.0.1"

[[projects]]
  digest = "1:6b8866cc9496eada254debc24199981e21fd70fd0031ff7a581ac91be47187bb"
  name = "github.com/jackpal/gateway"
  packages = ["."]
  pruneopts = "UT"
  revision = "3e333950771011fed13be63e62b9f473c5e0d9bf"
  version = "v1.0.4"

[[projects]]
  digest = "1:32b82e71cf24f8b78323e0d7903c4b90278486283965aa2a19b1ea13763b8f34"
  name = "github.com/jackpal/go-nat-pmp"
  packages = ["."]
  pruneopts = "UT"
  revision = "c9cfead9f2a36ddf3daa40ba269aa7f4bbba6b62"
  version = "v1.0.1"

[[projects]]
  branch = "master"
  digest = "1:62fe3a7ea2050ecbd753a71889026f83d73329337ada66325cbafd5dea5f713d"
  name = "github.com/jbenet/go-context"
  packages = ["io"]
  pruneopts = "UT"
  revision = "d14ea06fba99483203c19d92cfcd13ebe73135f4"

[[projects]]
  branch = "master"
  digest = "1:8f4aedc183dc8dfef9a7a1f1ba205dc87ecd2675eea350a736bda889e3bcf8ea"
  name = "github.com/jbenet/go-temp-err-catcher"
  packages = ["."]
  pruneopts = "UT"
  revision = "aac704a3f4f27190b4ccc05f303a4931fd1241ff"

[[projects]]
  branch = "master"
  digest = "1:a2a82ac6d7f2ab5966591f95612e3ecd9afed66051189e06876a29ed3744a3ea"
  name = "github.com/jbenet/goprocess"
  packages = [
    ".",
    "context",
    "periodic",
    "ratelimit",
  ]
  pruneopts = "UT"
  revision = "b497e2f366b8624394fb2e89c10ab607bebdde0b"

[[projects]]
  digest = "1:f3f143e9085a1fbff293e8f131f35c6f9d6b2023002fd719a08655b1a9c6e745"
  name = "github.com/libp2p/go-addr-util"
  packages = ["."]
  pruneopts = "UT"
  revision = "26ae616f0dac754fff557513e984f930fbd88a92"
  version = "v2.0.5"

[[projects]]
  digest = "1:95cc61d5387375b2d449ee3624334040d72d68b53bbdaa280fa7891510705464"
  name = "github.com/libp2p/go-conn-security"
  packages = [
    ".",
    "insecure",
  ]
  pruneopts = "UT"
  revision = "1c1bd1ec3af8fc1761adc0402730c434549cc546"
  version = "v0.1.9"

[[projects]]
  digest = "1:92e365155327b638618f51c7f8afc7f4d33db72a2cec24e452a2446043cb5413"
  name = "github.com/libp2p/go-conn-security-multistream"
  packages = ["."]
  pruneopts = "UT"
  revision = "1af57bb522666bf4fdf6831706c79f6782ab3734"
  version = "v0.1.9"

[[projects]]
  digest = "1:19f2d2506cc0f9a233c9c0753e8c3fd5afa88afb43ff7b795cbba3629d0e96b5"
  name = "github.com/libp2p/go-flow-metrics"
  packages = ["."]
  pruneopts = "UT"
  revision = "cc546389dcf06b4bcbf6b8594069588e5c8a1451"
  version = "v0.2.0"

[[projects]]
  digest = "1:67aeda30ecc75831c63b48dce8088adf151c821ef614778ae407729b5e7e3c0d"
  name = "github.com/libp2p/go-libp2p"
  packages = [
    ".",
    "config",
    "p2p/host/basic",
    "p2p/protocol/identify",
    "p2p/protocol/identify/pb",
  ]
  pruneopts = "T"
  revision = "7dffae8a14e99b5042872ba790fd89c57593ef50"
  version = "v6.0.11"

[[projects]]
  digest = "1:96076c2937f1a587d8396daa52ba9934f8477e09563430700dc1a9a18ac3c16e"
  name = "github.com/libp2p/go-libp2p-circuit"
  packages = [
    ".",
    "pb",
  ]
  pruneopts = "UT"
  revision = "fc688a855ff0966128f57ea84aa1d335f79d94b8"
  version = "v2.2.1"

[[projects]]
  digest = "1:4ff86c6d6dd8df23a58e6b6060fea5f150d1a502cdfe8a3e9efd5d25339196c6"
  name = "github.com/libp2p/go-libp2p-crypto"
  packages = [
    ".",
    "pb",
  ]
  pruneopts = "UT"
  revision = "274de1bb6c27780863df6b230c91324ab481dab2"
  version = "v2.0.1"

[[projects]]
  digest = "1:7310a3c217b178001f73aa22b6b08fb5879dd772a93da61ad617fe8d1286c3da"
  name = "github.com/libp2p/go-libp2p-host"
  packages = ["."]
  pruneopts = "UT"
  revision = "609d60a267a8a3ac0abd4e411ba3f0d611adad78"
  version = "v3.0.9"

[[projects]]
  digest = "1:feeb286c1e3738148f95a364ecb9e14944b5f2f1a08df84b1e478bd6d3288270"
  name = "github.com/libp2p/go-libp2p-interface-connmgr"
  packages = ["."]
  pruneopts = "UT"
  revision = "f81018e8b2ec3e3747455a823f5f62127e5fd9cd"
  version = "v0.0.15"

[[projects]]
  digest = "1:d7341fdf91c4ea53d68c29ad76965bbbb2f7ba09369bfa7f8339ffbeeb49e2f8"
  name = "github.com/libp2p/go-libp2p-interface-pnet"
  packages = ["."]
  pruneopts = "UT"
  revision = "3eda0a328422c06235501df5be481e4b51edc7cf"
  version = "v3.0.0"

[[projects]]
  digest = "1:59fb35a53122e61155c5b7c0146b4daa329354f73b7af90fcd4693519766607b"
  name = "github.com/libp2p/go-libp2p-kad-dht"
  packages = [
    ".",
    "opts",
    "pb",
    "providers",
  ]
  pruneopts = "UT"
  revision = "ac1ca48cc599aea508ae1a201e7e18cfb67e7967"
  version = "v4.3.9"

[[projects]]
  digest = "1:79f4128897104d90a465050bc92d364aa1385cd86750fe24485f00a47ccc1e37"
  name = "github.com/libp2p/go-libp2p-kbucket"
  packages = [
    ".",
    "keyspace",
  ]
  pruneopts = "UT"
  revision = "b46d4a141886c4802a2fcbbb2e938685230c0228"
  version = "v2.2.7"

[[projects]]
  digest = "1:6ca532827baa778302be770435a0834539e9694bed294978e12d3be7da9cd6ba"
  name = "github.com/libp2p/go-libp2p-loggables"
  packages = ["."]
  pruneopts = "UT"
  revision = "d6d01a5f5e0bcc27c612fd1e6aa8fc97e1cac488"
  version = "v1.1.21"

[[projects]]
  digest = "1:62e73b6e20525960442314129a019f2d4e061406e32940ca4975409276c96d2a"
  name = "github.com/libp2p/go-libp2p-metrics"
  packages = ["."]
  pruneopts = "UT"
  revision = "2e91117d783799237709d7f5165eb55c86b623a1"
  version = "v2.1.5"

[[projects]]
  digest = "1:b2a3f926fea33b868c11a841e4a2d6069e08075d8e1dee95fa231b64ff6cc405"
  name = "github.com/libp2p/go-libp2p-nat"
  packages = ["."]
  pruneopts = "UT"
  revision = "491e7233bd3877ec8dafbab465cf5ac70e32fced"
  version = "v0.8.6"

[[projects]]
  digest = "1:7df7bc7abfa8f1db3234bb788c2bf06753af0093c932d17385418e71b9ff55d5"
  name = "github.com/libp2p/go-libp2p-net"
  packages = ["."]
  pruneopts = "UT"
  revision = "674eaa7c042aeae16b11efb56ab59b1732b9a675"
  version = "v3.0.9"

[[projects]]
  digest = "1:a6296424e2b46e09bb664f13064a8461fa40a373eefa045eaa82c17b11be444f"
  name = "github.com/libp2p/go-libp2p-peer"
  packages = [
    ".",
    "peerset",
  ]
  pruneopts = "UT"
  revision = "010c46e7b432a0b454d9ca397f08f364fa2139af"
  version = "v2.3.7"

[[projects]]
  digest = "1:52a461445c3f0097ffce04afd04df4ae4d45631b22adcc5584fa6d0b23e503b0"
  name = "github.com/libp2p/go-libp2p-peerstore"
  packages = [
    ".",
    "addr",
    "queue",
  ]
  pruneopts = "UT"
  revision = "b1e626f38de4d5f3b8c292f230f8b9f03889ae65"
  version = "v1.5.0"

[[projects]]
  digest = "1:99c29233479cb14a63c7cb6b49927a60ae9d6b4b36d74deb12cc45ce503ddeb5"
  name = "github.com/libp2p/go-libp2p-protocol"
  packages = ["."]
  pruneopts = "UT"
  revision = "e34f0d7468b3519bf9bf4e43c1d028ce651eab51"
  version = "v1.0.0"

[[projects]]
  digest = "1:df384dc3539b806d79943aef1ccc9ccbc670803fa6acfa96a0e88e0cdeb80314"
  name = "github.com/libp2p/go-libp2p-record"
  packages = [
    ".",
    "pb",
  ]
  pruneopts = "UT"
  revision = "07353e628b47a5a16ac815174ae335af6cbee98e"
  version = "v4.1.6"

[[projects]]
  digest = "1:9278a69b9602953283c3c989fe74607edcec19f8e7d5019ad99cd9ac12efebbf"
  name = "github.com/libp2p/go-libp2p-routing"
  packages = [
    ".",
    "notifications",
    "options",
  ]
  pruneopts = "UT"
  revision = "b8b8a591cfebcca632b3509be7887e418323b7f7"
  version = "v2.4.10"

[[projects]]
  digest = "1:f5606eec71222bb8f5276026001dca80ca9f55c0b68f62eb49db4b7516b54444"
  name = "github.com/libp2p/go-libp2p-secio"
  packages = [
    ".",
    "pb",
  ]
  pruneopts = "UT"
  revision = "4a9436f8c4e0b6bc653fa185304fdb83240c7e06"
  version = "v2.0.9"

[[projects]]
  digest = "1:cdd852cb991dfbca10de79263ed5a2f705abe8a5f5203e32c2dbbdaff346a432"
  name = "github.com/libp2p/go-libp2p-swarm"
  packages = ["."]
  pruneopts = "UT"
  revision = "47c2aca63800c221f3262fcce9bfb9f4d4de6647"
  version = "v3.0.11"

[[projects]]
  digest = "1:3cd7014da9d554b5d8972791d21bc33eb9f25c49f60b33242869eaa8c762e550"
  name = "github.com/libp2p/go-libp2p-transport"
  packages = ["."]
  pruneopts = "UT"
  revision = "8f6ae5cfb9bf6dad99c6330b92a7c4dcd2911e50"
  version = "v3.0.9"

[[projects]]
  digest = "1:6352197571b1bf1bf9a9929efc6cad0be422ec537f6bcaa8e037cb8872b169e4"
  name = "github.com/libp2p/go-libp2p-transport-upgrader"
  packages = ["."]
  pruneopts = "UT"
  revision = "9fd989837112fd9ed67d7cc2f9eb93019d11c5ca"
  version = "v0.1.9"

[[projects]]
  digest = "1:5cd9cd7427d07a96e475603bcae6206ff85ecefde1f71c023694342a4bede3e5"
  name = "github.com/libp2p/go-maddr-filter"
  packages = ["."]
  pruneopts = "UT"
  revision = "57fd7e2ed649ba28b4f2c7bcab3a606e7cc4b12c"
  version = "v1.1.9"

[[projects]]
  digest = "1:84f1f9a5b879641c8860e10fa33af5ea753753395f5dd9aff4bd6a1cf64bbd42"
  name = "github.com/libp2p/go-msgio"
  packages = [
    ".",
    "mpool",
  ]
  pruneopts = "UT"
  revision = "fa984f54d57f20970aac9309a89a7ea40821f67c"
  version = "v0.0.3"

[[projects]]
  digest = "1:f3f2b82cd09f0c9f000091d1ddfeef82a4c3f147ebd415c3fb4ac234f6e9da09"
  name = "github.com/libp2p/go-reuseport"
  packages = [
    ".",
    "poll",
    "singlepoll",
  ]
  pruneopts = "UT"
  revision = "562c3ba3003e80c9829992a6c1a760d51eb0792b"
  version = "v0.1.17"

[[projects]]
  digest = "1:8858cb2fc1a8c044a240dfd2d4301343e39fe786fc3cb5e3e66b5c4d7ec7ffdb"
  name = "github.com/libp2p/go-reuseport-transport"
  packages = ["."]
  pruneopts = "UT"
  revision = "90b3b0a82752ab21f0c7fc2921335eabb64077c5"
  version = "v0.1.9"

[[projects]]
  digest = "1:96eca00555fddc36f6d1dc6d5d47435005bf8a950e700afcd76508bde723bc0e"
  name = "github.com/libp2p/go-sockaddr"
  packages = ["net"]
  pruneopts = "UT"
  revision = "5c3ac7e71ec1941a0c2ed4271535d9427feb829c"
  version = "v1.0.3"

[[projects]]
  digest = "1:6dab34eae15e82d15c17cedabb7d641b62731cc5c7a3ed233dba226f8e5cb688"
  name = "github.com/libp2p/go-stream-muxer"
  packages = ["."]
  pruneopts = "UT"
  revision = "2ba231669cdd8d310277307dec6ced95a190c495"
  version = "v3.0.1"

[[projects]]
  digest = "1:39ab9b8cdba8ccc0e9f31b2271ae9b0e875e1e97e1b01698ea8a45fc994debe2"
  name = "github.com/libp2p/go-tcp-transport"
  packages = ["."]
  pruneopts = "UT"
  revision = "e8f740fa54d28bac663ddbe2fedb7b24ad6a7523"
  version = "v2.0.9"

[[projects]]
  digest = "1:2bf72b62be978adfa5925b646fea48f8f5891e88c5232e145f9ce01f3f781604"
  name = "github.com/libp2p/go-ws-transport"
  packages = ["."]
  pruneopts = "UT"
  revision = "fca06f9e7aa00137ca982ed5c7e5125d5e1348af"
  version = "v2.0.9"

[[projects]]
  digest = "1:53e8c5c79716437e601696140e8b1801aae4204f4ec54a504333702a49572c4f"
  name = "github.com/magiconair/properties"
  packages = [
    ".",
    "assert",
  ]
  pruneopts = "UT"
  revision = "c2353362d570a7bfa228149c62842019201cfb71"
  version = "v1.8.0"

[[projects]]
  digest = "1:c658e84ad3916da105a761660dcaeb01e63416c8ec7bc62256a9b411a05fcd67"
  name = "github.com/mattn/go-colorable"
  packages = ["."]
  pruneopts = "UT"
  revision = "167de6bfdfba052fa6b2d3664c8f5272e23c9072"
  version = "v0.0.9"

[[projects]]
  digest = "1:0981502f9816113c9c8c4ac301583841855c8cf4da8c72f696b3ebedf6d0e4e5"
  name = "github.com/mattn/go-isatty"
  packages = ["."]
  pruneopts = "UT"
  revision = "6ca4dbf54d38eea1a992b3c722a76a5d1c4cb25c"
  version = "v0.0.4"

[[projects]]
  branch = "master"
  digest = "1:130cefe87d7eeefc824978dcb78e35672d4c49a11f25c153fbf0cfd952756fa3"
  name = "github.com/minio/blake2b-simd"
  packages = ["."]
  pruneopts = "UT"
  revision = "3f5f724cb5b182a5c278d6d3d55b40e7f8c2efb4"

[[projects]]
  branch = "master"
  digest = "1:17e048d1af8833670439d1ad0c92305fc1ad503e5d03f37ee667c0074df0fd03"
  name = "github.com/minio/sha256-simd"
  packages = ["."]
  pruneopts = "UT"
  revision = "ad98a36ba0da87206e3378c556abbfeaeaa98668"

[[projects]]
  digest = "1:78bbb1ba5b7c3f2ed0ea1eab57bdd3859aec7e177811563edc41198a760b06af"
  name = "github.com/mitchellh/go-homedir"
  packages = ["."]
  pruneopts = "UT"
  revision = "ae18d6b8b3205b561c79e8e5f69bff09736185f4"
  version = "v1.0.0"

[[projects]]
  digest = "1:645110e089152bd0f4a011a2648fbb0e4df5977be73ca605781157ac297f50c4"
  name = "github.com/mitchellh/mapstructure"
  packages = ["."]
  pruneopts = "UT"
  revision = "fa473d140ef3c6adf42d6b391fe76707f1f243c8"
  version = "v1.0.0"

[[projects]]
  branch = "master"
  digest = "1:b9b9f43a8a410d633e6547f89e830926741070941f2243d4d3a0bb154f565c9e"
  name = "github.com/mr-tron/base58"
  packages = ["base58"]
  pruneopts = "UT"
  revision = "f84df45a6b88974a98d1473e9f0de0eac859a3d9"

[[projects]]
  digest = "1:93e03541a8775ed6f7de497a20af8b7307833b6b112035e4e4c551fa6eeb6404"
  name = "github.com/multiformats/go-multiaddr"
  packages = ["."]
  pruneopts = "UT"
  revision = "f36800afeb9c141e1adb7da099e6f010dfd4c419"
  version = "v1.2.7"

[[projects]]
  digest = "1:0ac2fc7c574b6dc1e3179afdd73b1a5c33eace72661416e42026208f826c0e2e"
  name = "github.com/multiformats/go-multiaddr-dns"
  packages = ["."]
  pruneopts = "UT"
  revision = "4c36f46414bba59a19ffe5154841f76d4a55b780"
  version = "v0.2.3"

[[projects]]
  digest = "1:366fc9e8771a5bae7369aa1740cef4771380c01ce6444c58ce7a70bac5a45f31"
  name = "github.com/multiformats/go-multiaddr-net"
  packages = ["."]
  pruneopts = "UT"
  revision = "4d4b901d1729f55ee20cc0c8d8021aa58eb5ebe3"
  version = "v1.6.2"

[[projects]]
  digest = "1:10e61e8194b43fffdfcb5e3018a66db48c5ee2c48bea74585c14fa21fe08d607"
  name = "github.com/multiformats/go-multibase"
  packages = ["."]
  pruneopts = "UT"
  revision = "dfd5076869faca5aed2886dcba60b44a0d0e9c01"
  version = "v0.2.6"

[[projects]]
  digest = "1:c0ea71365e7d0e63a2e8f48e6fc2ba92f2f2b739bbeb3cdabdcd719037e175c2"
  name = "github.com/multiformats/go-multihash"
  packages = ["."]
  pruneopts = "UT"
  revision = "8be2a682ab9f254311de1375145a2f78a809b07d"
  version = "v1.0.8"

[[projects]]
  digest = "1:afaa9379e7b8039f8eee854ef71f5501e4bb68d4533e9aaa2f3756797b06d03b"
  name = "github.com/multiformats/go-multistream"
  packages = ["."]
  pruneopts = "UT"
  revision = "2b032632ecab1e1b98c8d2391a4f6ab9a6c9e140"
  version = "v0.3.7"

[[projects]]
  digest = "1:450b7623b185031f3a456801155c8320209f75d0d4c4e633c6b1e59d44d6e392"
  name = "github.com/opentracing/opentracing-go"
  packages = [
    ".",
    "ext",
    "log",
  ]
  pruneopts = "UT"
  revision = "1949ddbfd147afd4d964a9f00b24eb291e0e7c38"
  version = "v1.0.2"

[[projects]]
  digest = "1:317c23d0134d82f8158538d6d61ec0b5425319bcd6af716cda898636e51fb757"
  name = "github.com/paralin/go-libp2p-grpc"
  packages = ["."]
  pruneopts = "UT"
  revision = "04711f07389ecbca09d7999474dda4a88c955c73"
  source = "github.com/vedhavyas/go-libp2p-grpc"

[[projects]]
  digest = "1:e5d0bd87abc2781d14e274807a470acd180f0499f8bf5bb18606e9ec22ad9de9"
  name = "github.com/pborman/uuid"
  packages = ["."]
  pruneopts = "UT"
  revision = "adf5a7427709b9deb95d29d3fa8a2bf9cfd388f1"
  version = "v1.2"

[[projects]]
  digest = "1:95741de3af260a92cc5c7f3f3061e85273f5a81b5db20d4bd68da74bd521675e"
  name = "github.com/pelletier/go-toml"
  packages = ["."]
  pruneopts = "UT"
  revision = "c01d1270ff3e442a8a57cddc1c92dc1138598194"
  version = "v1.2.0"

[[projects]]
  digest = "1:40e195917a951a8bf867cd05de2a46aaf1806c50cf92eebf4c16f78cd196f747"
  name = "github.com/pkg/errors"
  packages = ["."]
  pruneopts = "UT"
  revision = "645ef00459ed84a119197bfb8d8205042c6df63d"
  version = "v0.8.0"

[[projects]]
  digest = "1:0028cb19b2e4c3112225cd871870f2d9cf49b9b4276531f03438a88e94be86fe"
  name = "github.com/pmezard/go-difflib"
  packages = ["difflib"]
  pruneopts = "UT"
  revision = "792786c7400a136282c1664665ae0a8db921c6c2"
  version = "v1.0.0"

[[projects]]
  digest = "1:8f4b365e527c00e2ba6b25a4c41ee7b84078c375fba83c971e54d2f0582df279"
  name = "github.com/rjeczalik/notify"
  packages = ["."]
  pruneopts = "UT"
  revision = "0f065fa99b48b842c3fd3e2c8b194c6f2b69f6b8"
  version = "v0.9.1"

[[projects]]
  branch = "master"
  digest = "1:76a7183bfa4b83626f304d1c6eff54184fd8f6b15eba6975d6c7ef53da5ccdda"
  name = "github.com/roboll/go-vendorinstall"
  packages = ["."]
  pruneopts = "UT"
  revision = "db569a48fcad74a73623ccf43daafe394a96ef35"

[[projects]]
  digest = "1:0b8dd7447e420afff0260179dc892711e837edd1d446bc78dab924624a3c3c81"
  name = "github.com/rs/cors"
  packages = ["."]
  pruneopts = "UT"
  revision = "3fb1b69b103a84de38a19c3c6ec073dd6caa4d3f"
  version = "v1.5.0"

[[projects]]
  digest = "1:ff6b0586c0621a76832cf783eee58cbb9d9795d2ce8acbc199a4131db11c42a9"
  name = "github.com/satori/go.uuid"
  packages = ["."]
  pruneopts = "UT"
  revision = "36e9d2ebbde5e3f13ab2e25625fd453271d6522e"

[[projects]]
  digest = "1:919bb3aa6d9d0b67648c219fa4925312bc3c2872da19e818fa769e9c97a2b643"
  name = "github.com/spaolacci/murmur3"
  packages = ["."]
  pruneopts = "UT"
  revision = "9f5d223c60793748f04a9d5b4b4eacddfc1f755d"
  version = "v1.1"

[[projects]]
  digest = "1:6a4a11ba764a56d2758899ec6f3848d24698d48442ebce85ee7a3f63284526cd"
  name = "github.com/spf13/afero"
  packages = [
    ".",
    "mem",
  ]
  pruneopts = "UT"
  revision = "d40851caa0d747393da1ffb28f7f9d8b4eeffebd"
  version = "v1.1.2"

[[projects]]
  digest = "1:516e71bed754268937f57d4ecb190e01958452336fa73dbac880894164e91c1f"
  name = "github.com/spf13/cast"
  packages = ["."]
  pruneopts = "UT"
  revision = "8965335b8c7107321228e3e3702cab9832751bac"
  version = "v1.2.0"

[[projects]]
  digest = "1:645cabccbb4fa8aab25a956cbcbdf6a6845ca736b2c64e197ca7cbb9d210b939"
  name = "github.com/spf13/cobra"
  packages = ["."]
  pruneopts = "UT"
  revision = "ef82de70bb3f60c65fb8eebacbb2d122ef517385"
  version = "v0.0.3"

[[projects]]
  digest = "1:68ea4e23713989dc20b1bded5d9da2c5f9be14ff9885beef481848edd18c26cb"
  name = "github.com/spf13/jwalterweatherman"
  packages = ["."]
  pruneopts = "UT"
  revision = "4a4406e478ca629068e7768fc33f3f044173c0a6"
  version = "v1.0.0"

[[projects]]
  digest = "1:dab83a1bbc7ad3d7a6ba1a1cc1760f25ac38cdf7d96a5cdd55cd915a4f5ceaf9"
  name = "github.com/spf13/pflag"
  packages = ["."]
  pruneopts = "UT"
  revision = "9a97c102cda95a86cec2345a6f09f55a939babf5"
  version = "v1.0.2"

[[projects]]
  digest = "1:6e30a27eac59a148b3f7a32e0ba54706b31dcde5a42f63b22cb47873b62fa343"
  name = "github.com/spf13/viper"
  packages = ["."]
  pruneopts = "UT"
  revision = "8fb642006536c8d3760c99d4fa2389f5e2205631"
  version = "v1.2.0"

[[projects]]
  branch = "master"
  digest = "1:0c088044c1c1ee83e723692442df4fec9b3f2e57f7a99773485c97adfbc31695"
  name = "github.com/streadway/amqp"
  packages = ["."]
  pruneopts = "UT"
  revision = "70e15c650864f4fc47f5d3c82ea117285480895d"

[[projects]]
  digest = "1:ac83cf90d08b63ad5f7e020ef480d319ae890c208f8524622a2f3136e2686b02"
  name = "github.com/stretchr/objx"
  packages = ["."]
  pruneopts = "UT"
  revision = "477a77ecc69700c7cdeb1fa9e129548e1c1c393c"
  version = "v0.1.1"

[[projects]]
  digest = "1:15a4a7e5afac3cea801fa24831fce3bf3b5bd3620cbf8355a07b7dbf06877883"
  name = "github.com/stretchr/testify"
  packages = [
    "assert",
    "mock",
  ]
  pruneopts = "UT"
  revision = "f35b8ab0b5a2cef36673838d662e249dd9c94686"
  version = "v1.2.2"

[[projects]]
  digest = "1:f2ffd421680b0a3f7887501b3c6974bcf19217ecd301d0e2c9b681940ec363d5"
  name = "github.com/syndtr/goleveldb"
  packages = [
    "leveldb",
    "leveldb/cache",
    "leveldb/comparer",
    "leveldb/errors",
    "leveldb/filter",
    "leveldb/iterator",
    "leveldb/journal",
    "leveldb/memdb",
    "leveldb/opt",
    "leveldb/storage",
    "leveldb/table",
    "leveldb/util",
  ]
  pruneopts = "UT"
  revision = "ae2bd5eed72d46b28834ec3f60db3a3ebedd8dbd"

[[projects]]
  branch = "master"
  digest = "1:98fa13beefbf581ec173561adad6374c460631593b4bdcf03adc29cd18e5d2f5"
  name = "github.com/whyrusleeping/base32"
  packages = ["."]
  pruneopts = "UT"
  revision = "c30ac30633ccdabefe87eb12465113f06f1bab75"

[[projects]]
  branch = "master"
  digest = "1:b33eed6794f2b2d1a7d0b45cb705402f26af0f0ad6521667e144ffa71f52d9d9"
  name = "github.com/whyrusleeping/go-keyspace"
  packages = ["."]
  pruneopts = "UT"
  revision = "5b898ac5add1da7178a4a98e69cb7b9205c085ee"

[[projects]]
  digest = "1:0102dfa2f98777db8ff68c920bef1be3ff8504e90485b6cdd24d61b981b487b6"
  name = "github.com/whyrusleeping/go-logging"
  packages = ["."]
  pruneopts = "UT"
  revision = "0457bb6b88fc1973573aaf6b5145d8d3ae972390"

[[projects]]
  digest = "1:05722d7ef5b5761b4d9d76ac15bf02faa4d7c3abdac6f88f3eb6f19957011e1d"
  name = "github.com/whyrusleeping/go-multiplex"
  packages = ["."]
  pruneopts = "UT"
  revision = "0cf3aebfba46b9267722f196b12146a7553da895"
  version = "v0.2.25"

[[projects]]
  branch = "master"
  digest = "1:94796f9decedb46b17985693cbe996ce3642a991f0efcf7bf9a6c5197da3eefc"
  name = "github.com/whyrusleeping/go-notifier"
  packages = ["."]
  pruneopts = "UT"
  revision = "097c5d47330ff6a823f67e3515faa13566a62c6f"

[[projects]]
  digest = "1:9426f8cd0c6b30f49e41dfda5550efc313e2fae9134fc09d71489c00a05cc55a"
  name = "github.com/whyrusleeping/go-smux-multiplex"
  packages = ["."]
  pruneopts = "UT"
  revision = "cc30230b7c9a992ab1614cf9fb9bfc5f8244f907"
  version = "v3.0.12"

[[projects]]
  digest = "1:262e85ef9e2082fcb44335f6349699d61d5ac3672d24dcf3bf4cbc7377b51e96"
  name = "github.com/whyrusleeping/go-smux-multistream"
  packages = ["."]
  pruneopts = "UT"
  revision = "e799b10bc6eea2cc5ce18f7b7b4d8e1a0439476d"
  version = "v2.0.2"

[[projects]]
  digest = "1:6cf91ec171d1145ef67f376f6604b3087c220ca8daec8eb4a06c4d0cf85bb287"
  name = "github.com/whyrusleeping/go-smux-yamux"
  packages = ["."]
  pruneopts = "UT"
  revision = "eac25f3e2d47aae211e457e7664b52634c95eea8"

[[projects]]
  branch = "master"
  digest = "1:2d95e961c6b817149bf784b8a99788138bd929728e1c8235e82a4b09987b9e3f"
  name = "github.com/whyrusleeping/mafmt"
  packages = ["."]
  pruneopts = "UT"
  revision = "1dc32401ee9fdd3f6cdb3405ec984d5dae877b2a"

[[projects]]
  branch = "master"
  digest = "1:94b933c1b26f1da25d25a089937d15987170a0a54109aa521a111345c3e84581"
  name = "github.com/whyrusleeping/multiaddr-filter"
  packages = ["."]
  pruneopts = "UT"
  revision = "e903e4adabd70b78bc9293b6ee4f359afb3f9f59"

[[projects]]
  branch = "master"
  digest = "1:10169680429f9048339c043cafaba9a8210da38e2333fc3e7bae75acbcc77abd"
  name = "github.com/whyrusleeping/yamux"
  packages = ["."]
  pruneopts = "UT"
  revision = "cb29a700b01dc3c2fdd743c00cf54685056bb62a"

[[projects]]
  digest = "1:778500e3634377cb6660543afa4646c12a3a33aefadd3e1d269e24e57d75a3d7"
  name = "github.com/xsleonard/go-merkle"
  packages = ["."]
  pruneopts = "UT"
  revision = "fbb7cafc5ae411e13e718172f5af7917ad6c3ed7"

[[projects]]
  digest = "1:b5a8fada1cb985bd2b823735e9ec922c4ecd7252880cbea5921d0a9343be648e"
  name = "golang.org/x/crypto"
  packages = [
    "blake2s",
    "blowfish",
    "ed25519",
    "ed25519/internal/edwards25519",
    "pbkdf2",
    "scrypt",
    "sha3",
  ]
  pruneopts = "UT"
  revision = "0e37d006457bf46f9e6692014ba72ef82c33022c"

[[projects]]
  digest = "1:e10eeba0c13ad89c2bf14ee8766dde51765ed0d06f17e708633cdea6acd56607"
  name = "golang.org/x/net"
  packages = [
    "context",
    "html",
    "html/atom",
    "html/charset",
    "http/httpguts",
    "http2",
    "http2/hpack",
    "idna",
    "internal/timeseries",
    "publicsuffix",
    "trace",
    "websocket",
  ]
  pruneopts = "UT"
  revision = "26e67e76b6c3f6ce91f7c52def5af501b4e0f3a2"

[[projects]]
  branch = "master"
  digest = "1:388eb79cea3ef5353f6b08a7d8549eedd1bc17c30fcb7020a252cee50ce6bda4"
  name = "golang.org/x/sys"
  packages = [
    "cpu",
    "unix",
    "windows",
  ]
  pruneopts = "UT"
  revision = "d0be0721c37eeb5299f245a996a483160fc36940"

[[projects]]
  digest = "1:436b24586f8fee329e0dd65fd67c817681420cda1d7f934345c13fe78c212a73"
  name = "golang.org/x/text"
  packages = [
    "collate",
    "collate/build",
    "encoding",
    "encoding/charmap",
    "encoding/htmlindex",
    "encoding/internal",
    "encoding/internal/identifier",
    "encoding/japanese",
    "encoding/korean",
    "encoding/simplifiedchinese",
    "encoding/traditionalchinese",
    "encoding/unicode",
    "internal/colltab",
    "internal/gen",
    "internal/tag",
    "internal/triegen",
    "internal/ucd",
    "internal/utf8internal",
    "language",
    "runes",
    "secure/bidirule",
    "transform",
    "unicode/bidi",
    "unicode/cldr",
    "unicode/norm",
    "unicode/rangetable",
  ]
  pruneopts = "UT"
  revision = "f21a4dfb5e38f5895301dc265a8def02365cc3d0"
  version = "v0.3.0"

[[projects]]
  branch = "master"
  digest = "1:64cfa4231737fcd720337a0a119f63313677c883d36c3cc9fdba754ff2f29b44"
  name = "golang.org/x/tools"
  packages = [
    "cmd/goimports",
    "go/ast/astutil",
    "imports",
    "internal/fastwalk",
  ]
  pruneopts = "UT"
  revision = "677d2ff680c188ddb7dcd2bfa6bc7d3f2f2f75b2"

[[projects]]
  digest = "1:f969b1b8bcb2a5162a5dc797b261eff0c2f099d7fc63c143ada31b002709f6a5"
  name = "google.golang.org/genproto"
  packages = [
    "googleapis/api/annotations",
    "googleapis/rpc/status",
  ]
  pruneopts = "UT"
  revision = "5a2fd4cab2d6d4a18e70c34937662526cd0c4bd1"

[[projects]]
  digest = "1:ab8e92d746fb5c4c18846b0879842ac8e53b3d352449423d0924a11f1020ae1b"
  name = "google.golang.org/grpc"
  packages = [
    ".",
    "balancer",
    "balancer/base",
    "balancer/roundrobin",
    "codes",
    "connectivity",
    "credentials",
    "encoding",
    "encoding/proto",
    "grpclog",
    "internal",
    "internal/backoff",
    "internal/channelz",
    "internal/envconfig",
    "internal/grpcrand",
    "internal/transport",
    "keepalive",
    "metadata",
    "naming",
    "peer",
    "resolver",
    "resolver/dns",
    "resolver/passthrough",
    "stats",
    "status",
    "tap",
  ]
  pruneopts = "UT"
  revision = "8dea3dc473e90c8179e519d91302d0597c0ca1d1"
  version = "v1.15.0"

[[projects]]
  branch = "v2"
  digest = "1:3d3f9391ab615be8655ae0d686a1564f3fec413979bb1aaf018bac1ec1bb1cc7"
  name = "gopkg.in/natefinch/npipe.v2"
  packages = ["."]
  pruneopts = "UT"
  revision = "c1b8fa8bdccecb0b8db834ee0b92fdbcfa606dd6"

[[projects]]
  digest = "1:b7fc4c3fd91df516486f53cc86f4b55a0c815782dbe852c5a19cce8e6c577aac"
  name = "gopkg.in/resty.v1"
  packages = ["."]
  pruneopts = "UT"
  revision = "d4920dcf5b7689548a6db640278a9b35a5b48ec6"
  version = "v1.9.1"

[[projects]]
  digest = "1:342378ac4dcb378a5448dd723f0784ae519383532f5e70ade24132c4c8693202"
  name = "gopkg.in/yaml.v2"
  packages = ["."]
  pruneopts = "UT"
  revision = "5420a8b6744d3b0345ab293f6fcba19c978f1183"
  version = "v2.2.1"

[solve-meta]
  analyzer-name = "dep"
  analyzer-version = 1
  input-imports = [
    "github.com/Masterminds/semver",
    "github.com/centrifuge/centrifuge-ethereum-contracts",
    "github.com/centrifuge/centrifuge-protobufs/documenttypes",
    "github.com/centrifuge/centrifuge-protobufs/gen/go/coredocument",
    "github.com/centrifuge/centrifuge-protobufs/gen/go/errors",
    "github.com/centrifuge/centrifuge-protobufs/gen/go/invoice",
    "github.com/centrifuge/centrifuge-protobufs/gen/go/notification",
    "github.com/centrifuge/centrifuge-protobufs/gen/go/p2p",
    "github.com/centrifuge/centrifuge-protobufs/gen/go/purchaseorder",
    "github.com/centrifuge/gocelery",
    "github.com/centrifuge/precise-proofs/proofs",
    "github.com/centrifuge/precise-proofs/proofs/proto",
    "github.com/ethereum/go-ethereum",
    "github.com/ethereum/go-ethereum/accounts/abi",
    "github.com/ethereum/go-ethereum/accounts/abi/bind",
    "github.com/ethereum/go-ethereum/common",
    "github.com/ethereum/go-ethereum/common/hexutil",
    "github.com/ethereum/go-ethereum/core/types",
    "github.com/ethereum/go-ethereum/crypto",
    "github.com/ethereum/go-ethereum/crypto/secp256k1",
    "github.com/ethereum/go-ethereum/ethclient",
    "github.com/ethereum/go-ethereum/event",
    "github.com/ethereum/go-ethereum/log",
    "github.com/ethereum/go-ethereum/rpc",
    "github.com/go-errors/errors",
    "github.com/golang/protobuf/jsonpb",
    "github.com/golang/protobuf/proto",
    "github.com/golang/protobuf/protoc-gen-go",
    "github.com/golang/protobuf/ptypes",
    "github.com/golang/protobuf/ptypes/any",
    "github.com/golang/protobuf/ptypes/empty",
    "github.com/golang/protobuf/ptypes/timestamp",
    "github.com/grpc-ecosystem/grpc-gateway/protoc-gen-grpc-gateway",
    "github.com/grpc-ecosystem/grpc-gateway/protoc-gen-swagger/options",
    "github.com/grpc-ecosystem/grpc-gateway/runtime",
    "github.com/grpc-ecosystem/grpc-gateway/utilities",
    "github.com/hashicorp/go-multierror",
    "github.com/ipfs/go-cid",
    "github.com/ipfs/go-datastore",
    "github.com/ipfs/go-ipfs-addr",
    "github.com/ipfs/go-log",
    "github.com/libp2p/go-libp2p",
    "github.com/libp2p/go-libp2p-crypto",
    "github.com/libp2p/go-libp2p-host",
    "github.com/libp2p/go-libp2p-kad-dht",
    "github.com/libp2p/go-libp2p-peer",
    "github.com/libp2p/go-libp2p-peerstore",
    "github.com/magiconair/properties/assert",
    "github.com/mitchellh/go-homedir",
    "github.com/multiformats/go-multiaddr",
    "github.com/multiformats/go-multihash",
    "github.com/paralin/go-libp2p-grpc",
    "github.com/roboll/go-vendorinstall",
    "github.com/spf13/cast",
    "github.com/spf13/cobra",
    "github.com/spf13/viper",
    "github.com/stretchr/testify/assert",
    "github.com/stretchr/testify/mock",
    "github.com/syndtr/goleveldb/leveldb",
    "github.com/whyrusleeping/go-logging",
    "golang.org/x/crypto/ed25519",
    "golang.org/x/net/context",
    "golang.org/x/tools/cmd/goimports",
    "google.golang.org/genproto/googleapis/api/annotations",
    "google.golang.org/grpc",
    "google.golang.org/grpc/codes",
    "google.golang.org/grpc/credentials",
    "google.golang.org/grpc/grpclog",
    "google.golang.org/grpc/status",
    "gopkg.in/resty.v1",
  ]
  solver-name = "gps-cdcl"
  solver-version = 1
