{
  "name": "centrifuge-protobufs",
  "version": "0.0.1",
  "lockfileVersion": 1,
  "requires": true,
  "dependencies": {
    "swagger-merge": {
      "version": "0.3.3",
      "resolved": "https://registry.npmjs.org/swagger-merge/-/swagger-merge-0.3.3.tgz",
      "integrity": "sha1-az7ogziut14pU+uECGKG3ISvsWs=",
      "dev": true
    }
  }
}
